// !$*UTF8*$!
{
	archiveVersion = 1;
	classes = {
	};
	objectVersion = 46;
	objects = {

/* Begin PBXBuildFile section */
		96E217F61CDA69FA00ADCF21 /* main.m in Sources */ = {isa = PBXBuildFile; fileRef = 96E217F51CDA69FA00ADCF21 /* main.m */; };
		96E217F91CDA69FA00ADCF21 /* AppDelegate.m in Sources */ = {isa = PBXBuildFile; fileRef = 96E217F81CDA69FA00ADCF21 /* AppDelegate.m */; };
		96E217FC1CDA69FA00ADCF21 /* ViewController.m in Sources */ = {isa = PBXBuildFile; fileRef = 96E217FB1CDA69FA00ADCF21 /* ViewController.m */; };
		96E217FF1CDA69FA00ADCF21 /* Main.storyboard in Resources */ = {isa = PBXBuildFile; fileRef = 96E217FD1CDA69FA00ADCF21 /* Main.storyboard */; };
		96E218011CDA69FA00ADCF21 /* Assets.xcassets in Resources */ = {isa = PBXBuildFile; fileRef = 96E218001CDA69FA00ADCF21 /* Assets.xcassets */; };
		96E218041CDA69FA00ADCF21 /* LaunchScreen.storyboard in Resources */ = {isa = PBXBuildFile; fileRef = 96E218021CDA69FA00ADCF21 /* LaunchScreen.storyboard */; };
		96E2180F1CDA69FA00ADCF21 /* RSSFeedParserTests.m in Sources */ = {isa = PBXBuildFile; fileRef = 96E2180E1CDA69FA00ADCF21 /* RSSFeedParserTests.m */; };
		96E2181A1CDA69FA00ADCF21 /* RSSFeedParserUITests.m in Sources */ = {isa = PBXBuildFile; fileRef = 96E218191CDA69FA00ADCF21 /* RSSFeedParserUITests.m */; };
		96E218341CDA6F0000ADCF21 /* FeedPlainObject.m in Sources */ = {isa = PBXBuildFile; fileRef = 96E218331CDA6F0000ADCF21 /* FeedPlainObject.m */; };
		96E218391CDA757E00ADCF21 /* DataDownloaderImplementation.m in Sources */ = {isa = PBXBuildFile; fileRef = 96E218381CDA757E00ADCF21 /* DataDownloaderImplementation.m */; };
		96E2183D1CDA760B00ADCF21 /* DataDownloaderImplementationTest.m in Sources */ = {isa = PBXBuildFile; fileRef = 96E2183C1CDA760B00ADCF21 /* DataDownloaderImplementationTest.m */; };
		96E218421CDA7EBF00ADCF21 /* RSSFeedParserImplementation.m in Sources */ = {isa = PBXBuildFile; fileRef = 96E218411CDA7EBF00ADCF21 /* RSSFeedParserImplementation.m */; };
		96E218451CDA7F4600ADCF21 /* RSSFeedParserImplementationTests.m in Sources */ = {isa = PBXBuildFile; fileRef = 96E218441CDA7F4600ADCF21 /* RSSFeedParserImplementationTests.m */; };
		96E218491CDB372300ADCF21 /* ImageResize.m in Sources */ = {isa = PBXBuildFile; fileRef = 96E218481CDB372300ADCF21 /* ImageResize.m */; };
		96E2184C1CDB3B9E00ADCF21 /* ImageResizeTests.m in Sources */ = {isa = PBXBuildFile; fileRef = 96E2184B1CDB3B9E00ADCF21 /* ImageResizeTests.m */; };
		EAE8C057BDFF5992E0812838 /* Pods_RSSFeedParser.framework in Frameworks */ = {isa = PBXBuildFile; fileRef = DA4F069DA13F5D7A5F6BE5C7 /* Pods_RSSFeedParser.framework */; };
/* End PBXBuildFile section */

/* Begin PBXContainerItemProxy section */
		96E2180B1CDA69FA00ADCF21 /* PBXContainerItemProxy */ = {
			isa = PBXContainerItemProxy;
			containerPortal = 96E217E91CDA69FA00ADCF21 /* Project object */;
			proxyType = 1;
			remoteGlobalIDString = 96E217F01CDA69FA00ADCF21;
			remoteInfo = RSSFeedParser;
		};
		96E218161CDA69FA00ADCF21 /* PBXContainerItemProxy */ = {
			isa = PBXContainerItemProxy;
			containerPortal = 96E217E91CDA69FA00ADCF21 /* Project object */;
			proxyType = 1;
			remoteGlobalIDString = 96E217F01CDA69FA00ADCF21;
			remoteInfo = RSSFeedParser;
		};
/* End PBXContainerItemProxy section */

/* Begin PBXFileReference section */
		3422CA154FF09066377587E9 /* Pods-RSSFeedParser.debug.xcconfig */ = {isa = PBXFileReference; includeInIndex = 1; lastKnownFileType = text.xcconfig; name = "Pods-RSSFeedParser.debug.xcconfig"; path = "Pods/Target Support Files/Pods-RSSFeedParser/Pods-RSSFeedParser.debug.xcconfig"; sourceTree = "<group>"; };
		96E217F11CDA69FA00ADCF21 /* RSSFeedParser.app */ = {isa = PBXFileReference; explicitFileType = wrapper.application; includeInIndex = 0; path = RSSFeedParser.app; sourceTree = BUILT_PRODUCTS_DIR; };
		96E217F51CDA69FA00ADCF21 /* main.m */ = {isa = PBXFileReference; lastKnownFileType = sourcecode.c.objc; path = main.m; sourceTree = "<group>"; };
		96E217F71CDA69FA00ADCF21 /* AppDelegate.h */ = {isa = PBXFileReference; lastKnownFileType = sourcecode.c.h; path = AppDelegate.h; sourceTree = "<group>"; };
		96E217F81CDA69FA00ADCF21 /* AppDelegate.m */ = {isa = PBXFileReference; lastKnownFileType = sourcecode.c.objc; path = AppDelegate.m; sourceTree = "<group>"; };
		96E217FA1CDA69FA00ADCF21 /* ViewController.h */ = {isa = PBXFileReference; lastKnownFileType = sourcecode.c.h; path = ViewController.h; sourceTree = "<group>"; };
		96E217FB1CDA69FA00ADCF21 /* ViewController.m */ = {isa = PBXFileReference; lastKnownFileType = sourcecode.c.objc; path = ViewController.m; sourceTree = "<group>"; };
		96E217FE1CDA69FA00ADCF21 /* Base */ = {isa = PBXFileReference; lastKnownFileType = file.storyboard; name = Base; path = Base.lproj/Main.storyboard; sourceTree = "<group>"; };
		96E218001CDA69FA00ADCF21 /* Assets.xcassets */ = {isa = PBXFileReference; lastKnownFileType = folder.assetcatalog; name = Assets.xcassets; path = RSSFeedParser/Assets.xcassets; sourceTree = "<group>"; };
		96E218031CDA69FA00ADCF21 /* Base */ = {isa = PBXFileReference; lastKnownFileType = file.storyboard; name = Base; path = Base.lproj/LaunchScreen.storyboard; sourceTree = "<group>"; };
		96E218051CDA69FA00ADCF21 /* Info.plist */ = {isa = PBXFileReference; lastKnownFileType = text.plist.xml; path = Info.plist; sourceTree = "<group>"; };
		96E2180A1CDA69FA00ADCF21 /* RSSFeedParserTests.xctest */ = {isa = PBXFileReference; explicitFileType = wrapper.cfbundle; includeInIndex = 0; path = RSSFeedParserTests.xctest; sourceTree = BUILT_PRODUCTS_DIR; };
		96E2180E1CDA69FA00ADCF21 /* RSSFeedParserTests.m */ = {isa = PBXFileReference; lastKnownFileType = sourcecode.c.objc; path = RSSFeedParserTests.m; sourceTree = "<group>"; };
		96E218101CDA69FA00ADCF21 /* Info.plist */ = {isa = PBXFileReference; lastKnownFileType = text.plist.xml; path = Info.plist; sourceTree = "<group>"; };
		96E218151CDA69FA00ADCF21 /* RSSFeedParserUITests.xctest */ = {isa = PBXFileReference; explicitFileType = wrapper.cfbundle; includeInIndex = 0; path = RSSFeedParserUITests.xctest; sourceTree = BUILT_PRODUCTS_DIR; };
		96E218191CDA69FA00ADCF21 /* RSSFeedParserUITests.m */ = {isa = PBXFileReference; lastKnownFileType = sourcecode.c.objc; path = RSSFeedParserUITests.m; sourceTree = "<group>"; };
		96E2181B1CDA69FA00ADCF21 /* Info.plist */ = {isa = PBXFileReference; lastKnownFileType = text.plist.xml; path = Info.plist; sourceTree = "<group>"; };
		96E218321CDA6E3F00ADCF21 /* FeedPlainObject.h */ = {isa = PBXFileReference; lastKnownFileType = sourcecode.c.h; path = FeedPlainObject.h; sourceTree = "<group>"; };
		96E218331CDA6F0000ADCF21 /* FeedPlainObject.m */ = {isa = PBXFileReference; fileEncoding = 4; lastKnownFileType = sourcecode.c.objc; path = FeedPlainObject.m; sourceTree = "<group>"; };
		96E218361CDA6F9300ADCF21 /* DataDownloader.h */ = {isa = PBXFileReference; lastKnownFileType = sourcecode.c.h; path = DataDownloader.h; sourceTree = "<group>"; };
		96E218371CDA757800ADCF21 /* DataDownloaderImplementation.h */ = {isa = PBXFileReference; lastKnownFileType = sourcecode.c.h; path = DataDownloaderImplementation.h; sourceTree = "<group>"; };
		96E218381CDA757E00ADCF21 /* DataDownloaderImplementation.m */ = {isa = PBXFileReference; fileEncoding = 4; lastKnownFileType = sourcecode.c.objc; path = DataDownloaderImplementation.m; sourceTree = "<group>"; };
		96E2183C1CDA760B00ADCF21 /* DataDownloaderImplementationTest.m */ = {isa = PBXFileReference; fileEncoding = 4; lastKnownFileType = sourcecode.c.objc; path = DataDownloaderImplementationTest.m; sourceTree = "<group>"; };
		96E2183F1CDA7EA100ADCF21 /* RSSFeedParser.h */ = {isa = PBXFileReference; lastKnownFileType = sourcecode.c.h; path = RSSFeedParser.h; sourceTree = "<group>"; };
		96E218401CDA7EB600ADCF21 /* RSSFeedParserImplementation.h */ = {isa = PBXFileReference; lastKnownFileType = sourcecode.c.h; path = RSSFeedParserImplementation.h; sourceTree = "<group>"; };
		96E218411CDA7EBF00ADCF21 /* RSSFeedParserImplementation.m */ = {isa = PBXFileReference; fileEncoding = 4; lastKnownFileType = sourcecode.c.objc; path = RSSFeedParserImplementation.m; sourceTree = "<group>"; };
		96E218441CDA7F4600ADCF21 /* RSSFeedParserImplementationTests.m */ = {isa = PBXFileReference; fileEncoding = 4; lastKnownFileType = sourcecode.c.objc; path = RSSFeedParserImplementationTests.m; sourceTree = "<group>"; };
		96E218471CDB371A00ADCF21 /* ImageResize.h */ = {isa = PBXFileReference; lastKnownFileType = sourcecode.c.h; path = ImageResize.h; sourceTree = "<group>"; };
		96E218481CDB372300ADCF21 /* ImageResize.m */ = {isa = PBXFileReference; fileEncoding = 4; lastKnownFileType = sourcecode.c.objc; path = ImageResize.m; sourceTree = "<group>"; };
		96E2184B1CDB3B9E00ADCF21 /* ImageResizeTests.m */ = {isa = PBXFileReference; fileEncoding = 4; lastKnownFileType = sourcecode.c.objc; path = ImageResizeTests.m; sourceTree = "<group>"; };
		9D14689CC9787E0BD2B00FD8 /* Pods-RSSFeedParser.release.xcconfig */ = {isa = PBXFileReference; includeInIndex = 1; lastKnownFileType = text.xcconfig; name = "Pods-RSSFeedParser.release.xcconfig"; path = "Pods/Target Support Files/Pods-RSSFeedParser/Pods-RSSFeedParser.release.xcconfig"; sourceTree = "<group>"; };
		DA4F069DA13F5D7A5F6BE5C7 /* Pods_RSSFeedParser.framework */ = {isa = PBXFileReference; explicitFileType = wrapper.framework; includeInIndex = 0; path = Pods_RSSFeedParser.framework; sourceTree = BUILT_PRODUCTS_DIR; };
/* End PBXFileReference section */

/* Begin PBXFrameworksBuildPhase section */
		96E217EE1CDA69FA00ADCF21 /* Frameworks */ = {
			isa = PBXFrameworksBuildPhase;
			buildActionMask = 2147483647;
			files = (
				EAE8C057BDFF5992E0812838 /* Pods_RSSFeedParser.framework in Frameworks */,
			);
			runOnlyForDeploymentPostprocessing = 0;
		};
		96E218071CDA69FA00ADCF21 /* Frameworks */ = {
			isa = PBXFrameworksBuildPhase;
			buildActionMask = 2147483647;
			files = (
			);
			runOnlyForDeploymentPostprocessing = 0;
		};
		96E218121CDA69FA00ADCF21 /* Frameworks */ = {
			isa = PBXFrameworksBuildPhase;
			buildActionMask = 2147483647;
			files = (
			);
			runOnlyForDeploymentPostprocessing = 0;
		};
/* End PBXFrameworksBuildPhase section */

/* Begin PBXGroup section */
		96E217E81CDA69FA00ADCF21 = {
			isa = PBXGroup;
			children = (
				96E217F31CDA69FA00ADCF21 /* RSSFeedParser */,
				96E2180D1CDA69FA00ADCF21 /* RSSFeedParserTests */,
				96E218181CDA69FA00ADCF21 /* RSSFeedParserUITests */,
				96E217F21CDA69FA00ADCF21 /* Products */,
				FE4A79C6C573B7AF0AD518FA /* Pods */,
				F37650CC6D8BE5A042BCCF7C /* Frameworks */,
			);
			sourceTree = "<group>";
		};
		96E217F21CDA69FA00ADCF21 /* Products */ = {
			isa = PBXGroup;
			children = (
				96E217F11CDA69FA00ADCF21 /* RSSFeedParser.app */,
				96E2180A1CDA69FA00ADCF21 /* RSSFeedParserTests.xctest */,
				96E218151CDA69FA00ADCF21 /* RSSFeedParserUITests.xctest */,
			);
			name = Products;
			sourceTree = "<group>";
		};
		96E217F31CDA69FA00ADCF21 /* RSSFeedParser */ = {
			isa = PBXGroup;
			children = (
				96E218271CDA6A1000ADCF21 /* Classes */,
				96E2182B1CDA6D4400ADCF21 /* Storyboards */,
				96E218301CDA6D9B00ADCF21 /* Resources */,
				96E217F41CDA69FA00ADCF21 /* Supporting Files */,
			);
			path = RSSFeedParser;
			sourceTree = "<group>";
		};
		96E217F41CDA69FA00ADCF21 /* Supporting Files */ = {
			isa = PBXGroup;
			children = (
				96E218051CDA69FA00ADCF21 /* Info.plist */,
				96E217F51CDA69FA00ADCF21 /* main.m */,
			);
			name = "Supporting Files";
			sourceTree = "<group>";
		};
		96E2180D1CDA69FA00ADCF21 /* RSSFeedParserTests */ = {
			isa = PBXGroup;
			children = (
				96E2183A1CDA75D100ADCF21 /* ModelsTests */,
				96E2180E1CDA69FA00ADCF21 /* RSSFeedParserTests.m */,
				96E218101CDA69FA00ADCF21 /* Info.plist */,
			);
			path = RSSFeedParserTests;
			sourceTree = "<group>";
		};
		96E218181CDA69FA00ADCF21 /* RSSFeedParserUITests */ = {
			isa = PBXGroup;
			children = (
				96E218191CDA69FA00ADCF21 /* RSSFeedParserUITests.m */,
				96E2181B1CDA69FA00ADCF21 /* Info.plist */,
			);
			path = RSSFeedParserUITests;
			sourceTree = "<group>";
		};
		96E218271CDA6A1000ADCF21 /* Classes */ = {
			isa = PBXGroup;
			children = (
				96E2182C1CDA6D5400ADCF21 /* UserStories */,
				96E218291CDA6D2B00ADCF21 /* ApplicationLayer */,
				96E218281CDA6D2000ADCF21 /* Models */,
			);
			name = Classes;
			sourceTree = "<group>";
		};
		96E218281CDA6D2000ADCF21 /* Models */ = {
			isa = PBXGroup;
			children = (
				96E218461CDB370700ADCF21 /* ImageResize */,
				96E2183E1CDA7E8F00ADCF21 /* RSSFeedParser */,
				96E218351CDA6F8500ADCF21 /* DataDownloader */,
				96E218311CDA6E2800ADCF21 /* FeedPlainObject */,
			);
			name = Models;
			sourceTree = "<group>";
		};
		96E218291CDA6D2B00ADCF21 /* ApplicationLayer */ = {
			isa = PBXGroup;
			children = (
				96E2182A1CDA6D3700ADCF21 /* AppDelegate */,
			);
			name = ApplicationLayer;
			sourceTree = "<group>";
		};
		96E2182A1CDA6D3700ADCF21 /* AppDelegate */ = {
			isa = PBXGroup;
			children = (
				96E217F71CDA69FA00ADCF21 /* AppDelegate.h */,
				96E217F81CDA69FA00ADCF21 /* AppDelegate.m */,
			);
			name = AppDelegate;
			sourceTree = "<group>";
		};
		96E2182B1CDA6D4400ADCF21 /* Storyboards */ = {
			isa = PBXGroup;
			children = (
				96E217FD1CDA69FA00ADCF21 /* Main.storyboard */,
				96E218021CDA69FA00ADCF21 /* LaunchScreen.storyboard */,
			);
			name = Storyboards;
			sourceTree = "<group>";
		};
		96E2182C1CDA6D5400ADCF21 /* UserStories */ = {
			isa = PBXGroup;
			children = (
				96E2182D1CDA6D6C00ADCF21 /* MainFeedUserStory */,
			);
			name = UserStories;
			sourceTree = "<group>";
		};
		96E2182D1CDA6D6C00ADCF21 /* MainFeedUserStory */ = {
			isa = PBXGroup;
			children = (
				96E2182E1CDA6D7400ADCF21 /* Module */,
			);
			name = MainFeedUserStory;
			sourceTree = "<group>";
		};
		96E2182E1CDA6D7400ADCF21 /* Module */ = {
			isa = PBXGroup;
			children = (
				96E2182F1CDA6D7900ADCF21 /* View */,
			);
			name = Module;
			sourceTree = "<group>";
		};
		96E2182F1CDA6D7900ADCF21 /* View */ = {
			isa = PBXGroup;
			children = (
				96E217FA1CDA69FA00ADCF21 /* ViewController.h */,
				96E217FB1CDA69FA00ADCF21 /* ViewController.m */,
			);
			name = View;
			sourceTree = "<group>";
		};
		96E218301CDA6D9B00ADCF21 /* Resources */ = {
			isa = PBXGroup;
			children = (
				96E218001CDA69FA00ADCF21 /* Assets.xcassets */,
			);
			name = Resources;
			path = ..;
			sourceTree = "<group>";
		};
		96E218311CDA6E2800ADCF21 /* FeedPlainObject */ = {
			isa = PBXGroup;
			children = (
				96E218321CDA6E3F00ADCF21 /* FeedPlainObject.h */,
				96E218331CDA6F0000ADCF21 /* FeedPlainObject.m */,
			);
			name = FeedPlainObject;
			sourceTree = "<group>";
		};
		96E218351CDA6F8500ADCF21 /* DataDownloader */ = {
			isa = PBXGroup;
			children = (
				96E218361CDA6F9300ADCF21 /* DataDownloader.h */,
				96E218371CDA757800ADCF21 /* DataDownloaderImplementation.h */,
				96E218381CDA757E00ADCF21 /* DataDownloaderImplementation.m */,
			);
			name = DataDownloader;
			sourceTree = "<group>";
		};
		96E2183A1CDA75D100ADCF21 /* ModelsTests */ = {
			isa = PBXGroup;
			children = (
				96E2184A1CDB3B8400ADCF21 /* ImageResizeTests */,
				96E218431CDA7F2B00ADCF21 /* RSSFeedParserTests */,
				96E2183B1CDA75E900ADCF21 /* DataDownloaderTests */,
			);
			name = ModelsTests;
			sourceTree = "<group>";
		};
		96E2183B1CDA75E900ADCF21 /* DataDownloaderTests */ = {
			isa = PBXGroup;
			children = (
				96E2183C1CDA760B00ADCF21 /* DataDownloaderImplementationTest.m */,
			);
			name = DataDownloaderTests;
			sourceTree = "<group>";
		};
		96E2183E1CDA7E8F00ADCF21 /* RSSFeedParser */ = {
			isa = PBXGroup;
			children = (
				96E2183F1CDA7EA100ADCF21 /* RSSFeedParser.h */,
				96E218401CDA7EB600ADCF21 /* RSSFeedParserImplementation.h */,
				96E218411CDA7EBF00ADCF21 /* RSSFeedParserImplementation.m */,
			);
			name = RSSFeedParser;
			sourceTree = "<group>";
		};
		96E218431CDA7F2B00ADCF21 /* RSSFeedParserTests */ = {
			isa = PBXGroup;
			children = (
				96E218441CDA7F4600ADCF21 /* RSSFeedParserImplementationTests.m */,
			);
			name = RSSFeedParserTests;
			sourceTree = "<group>";
		};
		96E218461CDB370700ADCF21 /* ImageResize */ = {
			isa = PBXGroup;
			children = (
				96E218471CDB371A00ADCF21 /* ImageResize.h */,
				96E218481CDB372300ADCF21 /* ImageResize.m */,
			);
			name = ImageResize;
			sourceTree = "<group>";
		};
		96E2184A1CDB3B8400ADCF21 /* ImageResizeTests */ = {
			isa = PBXGroup;
			children = (
				96E2184B1CDB3B9E00ADCF21 /* ImageResizeTests.m */,
			);
			name = ImageResizeTests;
			sourceTree = "<group>";
		};
		F37650CC6D8BE5A042BCCF7C /* Frameworks */ = {
			isa = PBXGroup;
			children = (
				DA4F069DA13F5D7A5F6BE5C7 /* Pods_RSSFeedParser.framework */,
			);
			name = Frameworks;
			sourceTree = "<group>";
		};
		FE4A79C6C573B7AF0AD518FA /* Pods */ = {
			isa = PBXGroup;
			children = (
				3422CA154FF09066377587E9 /* Pods-RSSFeedParser.debug.xcconfig */,
				9D14689CC9787E0BD2B00FD8 /* Pods-RSSFeedParser.release.xcconfig */,
			);
			name = Pods;
			sourceTree = "<group>";
		};
/* End PBXGroup section */

/* Begin PBXNativeTarget section */
		96E217F01CDA69FA00ADCF21 /* RSSFeedParser */ = {
			isa = PBXNativeTarget;
			buildConfigurationList = 96E2181E1CDA69FA00ADCF21 /* Build configuration list for PBXNativeTarget "RSSFeedParser" */;
			buildPhases = (
				722555DA843A6438C71DB7A2 /* Check Pods Manifest.lock */,
				96E217ED1CDA69FA00ADCF21 /* Sources */,
				96E217EE1CDA69FA00ADCF21 /* Frameworks */,
				96E217EF1CDA69FA00ADCF21 /* Resources */,
				643ABE435268939A890D01E3 /* Embed Pods Frameworks */,
				9F374BBC6419233717BF882D /* Copy Pods Resources */,
			);
			buildRules = (
			);
			dependencies = (
			);
			name = RSSFeedParser;
			productName = RSSFeedParser;
			productReference = 96E217F11CDA69FA00ADCF21 /* RSSFeedParser.app */;
			productType = "com.apple.product-type.application";
		};
		96E218091CDA69FA00ADCF21 /* RSSFeedParserTests */ = {
			isa = PBXNativeTarget;
			buildConfigurationList = 96E218211CDA69FA00ADCF21 /* Build configuration list for PBXNativeTarget "RSSFeedParserTests" */;
			buildPhases = (
				96E218061CDA69FA00ADCF21 /* Sources */,
				96E218071CDA69FA00ADCF21 /* Frameworks */,
				96E218081CDA69FA00ADCF21 /* Resources */,
			);
			buildRules = (
			);
			dependencies = (
				96E2180C1CDA69FA00ADCF21 /* PBXTargetDependency */,
			);
			name = RSSFeedParserTests;
			productName = RSSFeedParserTests;
			productReference = 96E2180A1CDA69FA00ADCF21 /* RSSFeedParserTests.xctest */;
			productType = "com.apple.product-type.bundle.unit-test";
		};
		96E218141CDA69FA00ADCF21 /* RSSFeedParserUITests */ = {
			isa = PBXNativeTarget;
			buildConfigurationList = 96E218241CDA69FA00ADCF21 /* Build configuration list for PBXNativeTarget "RSSFeedParserUITests" */;
			buildPhases = (
				96E218111CDA69FA00ADCF21 /* Sources */,
				96E218121CDA69FA00ADCF21 /* Frameworks */,
				96E218131CDA69FA00ADCF21 /* Resources */,
			);
			buildRules = (
			);
			dependencies = (
				96E218171CDA69FA00ADCF21 /* PBXTargetDependency */,
			);
			name = RSSFeedParserUITests;
			productName = RSSFeedParserUITests;
			productReference = 96E218151CDA69FA00ADCF21 /* RSSFeedParserUITests.xctest */;
			productType = "com.apple.product-type.bundle.ui-testing";
		};
/* End PBXNativeTarget section */

/* Begin PBXProject section */
		96E217E91CDA69FA00ADCF21 /* Project object */ = {
			isa = PBXProject;
			attributes = {
				LastUpgradeCheck = 0730;
				ORGANIZATIONNAME = "No Logo";
				TargetAttributes = {
					96E217F01CDA69FA00ADCF21 = {
						CreatedOnToolsVersion = 7.3;
						DevelopmentTeam = Z5M5E3T534;
					};
					96E218091CDA69FA00ADCF21 = {
						CreatedOnToolsVersion = 7.3;
						DevelopmentTeam = Z5M5E3T534;
						TestTargetID = 96E217F01CDA69FA00ADCF21;
					};
					96E218141CDA69FA00ADCF21 = {
						CreatedOnToolsVersion = 7.3;
						DevelopmentTeam = Z5M5E3T534;
						TestTargetID = 96E217F01CDA69FA00ADCF21;
					};
				};
			};
			buildConfigurationList = 96E217EC1CDA69FA00ADCF21 /* Build configuration list for PBXProject "RSSFeedParser" */;
			compatibilityVersion = "Xcode 3.2";
			developmentRegion = English;
			hasScannedForEncodings = 0;
			knownRegions = (
				en,
				Base,
			);
			mainGroup = 96E217E81CDA69FA00ADCF21;
			productRefGroup = 96E217F21CDA69FA00ADCF21 /* Products */;
			projectDirPath = "";
			projectRoot = "";
			targets = (
				96E217F01CDA69FA00ADCF21 /* RSSFeedParser */,
				96E218091CDA69FA00ADCF21 /* RSSFeedParserTests */,
				96E218141CDA69FA00ADCF21 /* RSSFeedParserUITests */,
			);
		};
/* End PBXProject section */

/* Begin PBXResourcesBuildPhase section */
		96E217EF1CDA69FA00ADCF21 /* Resources */ = {
			isa = PBXResourcesBuildPhase;
			buildActionMask = 2147483647;
			files = (
				96E218041CDA69FA00ADCF21 /* LaunchScreen.storyboard in Resources */,
				96E218011CDA69FA00ADCF21 /* Assets.xcassets in Resources */,
				96E217FF1CDA69FA00ADCF21 /* Main.storyboard in Resources */,
			);
			runOnlyForDeploymentPostprocessing = 0;
		};
		96E218081CDA69FA00ADCF21 /* Resources */ = {
			isa = PBXResourcesBuildPhase;
			buildActionMask = 2147483647;
			files = (
			);
			runOnlyForDeploymentPostprocessing = 0;
		};
		96E218131CDA69FA00ADCF21 /* Resources */ = {
			isa = PBXResourcesBuildPhase;
			buildActionMask = 2147483647;
			files = (
			);
			runOnlyForDeploymentPostprocessing = 0;
		};
/* End PBXResourcesBuildPhase section */

/* Begin PBXShellScriptBuildPhase section */
		643ABE435268939A890D01E3 /* Embed Pods Frameworks */ = {
			isa = PBXShellScriptBuildPhase;
			buildActionMask = 2147483647;
			files = (
			);
			inputPaths = (
			);
			name = "Embed Pods Frameworks";
			outputPaths = (
			);
			runOnlyForDeploymentPostprocessing = 0;
			shellPath = /bin/sh;
			shellScript = "\"${SRCROOT}/Pods/Target Support Files/Pods-RSSFeedParser/Pods-RSSFeedParser-frameworks.sh\"\n";
			showEnvVarsInLog = 0;
		};
		722555DA843A6438C71DB7A2 /* Check Pods Manifest.lock */ = {
			isa = PBXShellScriptBuildPhase;
			buildActionMask = 2147483647;
			files = (
			);
			inputPaths = (
			);
			name = "Check Pods Manifest.lock";
			outputPaths = (
			);
			runOnlyForDeploymentPostprocessing = 0;
			shellPath = /bin/sh;
			shellScript = "diff \"${PODS_ROOT}/../Podfile.lock\" \"${PODS_ROOT}/Manifest.lock\" > /dev/null\nif [[ $? != 0 ]] ; then\n    cat << EOM\nerror: The sandbox is not in sync with the Podfile.lock. Run 'pod install' or update your CocoaPods installation.\nEOM\n    exit 1\nfi\n";
			showEnvVarsInLog = 0;
		};
		9F374BBC6419233717BF882D /* Copy Pods Resources */ = {
			isa = PBXShellScriptBuildPhase;
			buildActionMask = 2147483647;
			files = (
			);
			inputPaths = (
			);
			name = "Copy Pods Resources";
			outputPaths = (
			);
			runOnlyForDeploymentPostprocessing = 0;
			shellPath = /bin/sh;
			shellScript = "\"${SRCROOT}/Pods/Target Support Files/Pods-RSSFeedParser/Pods-RSSFeedParser-resources.sh\"\n";
			showEnvVarsInLog = 0;
		};
/* End PBXShellScriptBuildPhase section */

/* Begin PBXSourcesBuildPhase section */
		96E217ED1CDA69FA00ADCF21 /* Sources */ = {
			isa = PBXSourcesBuildPhase;
			buildActionMask = 2147483647;
			files = (
				96E217FC1CDA69FA00ADCF21 /* ViewController.m in Sources */,
				96E217F91CDA69FA00ADCF21 /* AppDelegate.m in Sources */,
				96E218391CDA757E00ADCF21 /* DataDownloaderImplementation.m in Sources */,
				96E218491CDB372300ADCF21 /* ImageResize.m in Sources */,
				96E217F61CDA69FA00ADCF21 /* main.m in Sources */,
				96E218341CDA6F0000ADCF21 /* FeedPlainObject.m in Sources */,
				96E218421CDA7EBF00ADCF21 /* RSSFeedParserImplementation.m in Sources */,
			);
			runOnlyForDeploymentPostprocessing = 0;
		};
		96E218061CDA69FA00ADCF21 /* Sources */ = {
			isa = PBXSourcesBuildPhase;
			buildActionMask = 2147483647;
			files = (
				96E2183D1CDA760B00ADCF21 /* DataDownloaderImplementationTest.m in Sources */,
				96E2184C1CDB3B9E00ADCF21 /* ImageResizeTests.m in Sources */,
				96E2180F1CDA69FA00ADCF21 /* RSSFeedParserTests.m in Sources */,
				96E218451CDA7F4600ADCF21 /* RSSFeedParserImplementationTests.m in Sources */,
			);
			runOnlyForDeploymentPostprocessing = 0;
		};
		96E218111CDA69FA00ADCF21 /* Sources */ = {
			isa = PBXSourcesBuildPhase;
			buildActionMask = 2147483647;
			files = (
				96E2181A1CDA69FA00ADCF21 /* RSSFeedParserUITests.m in Sources */,
			);
			runOnlyForDeploymentPostprocessing = 0;
		};
/* End PBXSourcesBuildPhase section */

/* Begin PBXTargetDependency section */
		96E2180C1CDA69FA00ADCF21 /* PBXTargetDependency */ = {
			isa = PBXTargetDependency;
			target = 96E217F01CDA69FA00ADCF21 /* RSSFeedParser */;
			targetProxy = 96E2180B1CDA69FA00ADCF21 /* PBXContainerItemProxy */;
		};
		96E218171CDA69FA00ADCF21 /* PBXTargetDependency */ = {
			isa = PBXTargetDependency;
			target = 96E217F01CDA69FA00ADCF21 /* RSSFeedParser */;
			targetProxy = 96E218161CDA69FA00ADCF21 /* PBXContainerItemProxy */;
		};
/* End PBXTargetDependency section */

/* Begin PBXVariantGroup section */
		96E217FD1CDA69FA00ADCF21 /* Main.storyboard */ = {
			isa = PBXVariantGroup;
			children = (
				96E217FE1CDA69FA00ADCF21 /* Base */,
			);
			name = Main.storyboard;
			sourceTree = "<group>";
		};
		96E218021CDA69FA00ADCF21 /* LaunchScreen.storyboard */ = {
			isa = PBXVariantGroup;
			children = (
				96E218031CDA69FA00ADCF21 /* Base */,
			);
			name = LaunchScreen.storyboard;
			sourceTree = "<group>";
		};
/* End PBXVariantGroup section */

/* Begin XCBuildConfiguration section */
		96E2181C1CDA69FA00ADCF21 /* Debug */ = {
			isa = XCBuildConfiguration;
			buildSettings = {
				ALWAYS_SEARCH_USER_PATHS = NO;
				CLANG_ANALYZER_NONNULL = YES;
				CLANG_CXX_LANGUAGE_STANDARD = "gnu++0x";
				CLANG_CXX_LIBRARY = "libc++";
				CLANG_ENABLE_MODULES = YES;
				CLANG_ENABLE_OBJC_ARC = YES;
				CLANG_WARN_BOOL_CONVERSION = YES;
				CLANG_WARN_CONSTANT_CONVERSION = YES;
				CLANG_WARN_DIRECT_OBJC_ISA_USAGE = YES_ERROR;
				CLANG_WARN_EMPTY_BODY = YES;
				CLANG_WARN_ENUM_CONVERSION = YES;
				CLANG_WARN_INT_CONVERSION = YES;
				CLANG_WARN_OBJC_ROOT_CLASS = YES_ERROR;
				CLANG_WARN_UNREACHABLE_CODE = YES;
				CLANG_WARN__DUPLICATE_METHOD_MATCH = YES;
				"CODE_SIGN_IDENTITY[sdk=iphoneos*]" = "iPhone Developer";
				COPY_PHASE_STRIP = NO;
				DEBUG_INFORMATION_FORMAT = dwarf;
				ENABLE_STRICT_OBJC_MSGSEND = YES;
				ENABLE_TESTABILITY = YES;
				GCC_C_LANGUAGE_STANDARD = gnu99;
				GCC_DYNAMIC_NO_PIC = NO;
				GCC_NO_COMMON_BLOCKS = YES;
				GCC_OPTIMIZATION_LEVEL = 0;
				GCC_PREPROCESSOR_DEFINITIONS = (
					"DEBUG=1",
					"$(inherited)",
				);
				GCC_WARN_64_TO_32_BIT_CONVERSION = YES;
				GCC_WARN_ABOUT_RETURN_TYPE = YES_ERROR;
				GCC_WARN_UNDECLARED_SELECTOR = YES;
				GCC_WARN_UNINITIALIZED_AUTOS = YES_AGGRESSIVE;
				GCC_WARN_UNUSED_FUNCTION = YES;
				GCC_WARN_UNUSED_VARIABLE = YES;
				IPHONEOS_DEPLOYMENT_TARGET = 9.3;
				MTL_ENABLE_DEBUG_INFO = YES;
				ONLY_ACTIVE_ARCH = YES;
				SDKROOT = iphoneos;
			};
			name = Debug;
		};
		96E2181D1CDA69FA00ADCF21 /* Release */ = {
			isa = XCBuildConfiguration;
			buildSettings = {
				ALWAYS_SEARCH_USER_PATHS = NO;
				CLANG_ANALYZER_NONNULL = YES;
				CLANG_CXX_LANGUAGE_STANDARD = "gnu++0x";
				CLANG_CXX_LIBRARY = "libc++";
				CLANG_ENABLE_MODULES = YES;
				CLANG_ENABLE_OBJC_ARC = YES;
				CLANG_WARN_BOOL_CONVERSION = YES;
				CLANG_WARN_CONSTANT_CONVERSION = YES;
				CLANG_WARN_DIRECT_OBJC_ISA_USAGE = YES_ERROR;
				CLANG_WARN_EMPTY_BODY = YES;
				CLANG_WARN_ENUM_CONVERSION = YES;
				CLANG_WARN_INT_CONVERSION = YES;
				CLANG_WARN_OBJC_ROOT_CLASS = YES_ERROR;
				CLANG_WARN_UNREACHABLE_CODE = YES;
				CLANG_WARN__DUPLICATE_METHOD_MATCH = YES;
				"CODE_SIGN_IDENTITY[sdk=iphoneos*]" = "iPhone Developer";
				COPY_PHASE_STRIP = NO;
				DEBUG_INFORMATION_FORMAT = "dwarf-with-dsym";
				ENABLE_NS_ASSERTIONS = NO;
				ENABLE_STRICT_OBJC_MSGSEND = YES;
				GCC_C_LANGUAGE_STANDARD = gnu99;
				GCC_NO_COMMON_BLOCKS = YES;
				GCC_WARN_64_TO_32_BIT_CONVERSION = YES;
				GCC_WARN_ABOUT_RETURN_TYPE = YES_ERROR;
				GCC_WARN_UNDECLARED_SELECTOR = YES;
				GCC_WARN_UNINITIALIZED_AUTOS = YES_AGGRESSIVE;
				GCC_WARN_UNUSED_FUNCTION = YES;
				GCC_WARN_UNUSED_VARIABLE = YES;
				IPHONEOS_DEPLOYMENT_TARGET = 9.3;
				MTL_ENABLE_DEBUG_INFO = NO;
				SDKROOT = iphoneos;
				VALIDATE_PRODUCT = YES;
			};
			name = Release;
		};
		96E2181F1CDA69FA00ADCF21 /* Debug */ = {
			isa = XCBuildConfiguration;
			baseConfigurationReference = 3422CA154FF09066377587E9 /* Pods-RSSFeedParser.debug.xcconfig */;
			buildSettings = {
				ASSETCATALOG_COMPILER_APPICON_NAME = AppIcon;
				INFOPLIST_FILE = RSSFeedParser/Info.plist;
				LD_RUNPATH_SEARCH_PATHS = "$(inherited) @executable_path/Frameworks";
				PRODUCT_BUNDLE_IDENTIFIER = NoLogo.RSSFeedParser;
				PRODUCT_NAME = "$(TARGET_NAME)";
			};
			name = Debug;
		};
		96E218201CDA69FA00ADCF21 /* Release */ = {
			isa = XCBuildConfiguration;
			baseConfigurationReference = 9D14689CC9787E0BD2B00FD8 /* Pods-RSSFeedParser.release.xcconfig */;
			buildSettings = {
				ASSETCATALOG_COMPILER_APPICON_NAME = AppIcon;
				INFOPLIST_FILE = RSSFeedParser/Info.plist;
				LD_RUNPATH_SEARCH_PATHS = "$(inherited) @executable_path/Frameworks";
				PRODUCT_BUNDLE_IDENTIFIER = NoLogo.RSSFeedParser;
				PRODUCT_NAME = "$(TARGET_NAME)";
			};
			name = Release;
		};
		96E218221CDA69FA00ADCF21 /* Debug */ = {
			isa = XCBuildConfiguration;
			buildSettings = {
				BUNDLE_LOADER = "$(TEST_HOST)";
				INFOPLIST_FILE = RSSFeedParserTests/Info.plist;
				LD_RUNPATH_SEARCH_PATHS = "$(inherited) @executable_path/Frameworks @loader_path/Frameworks";
				PRODUCT_BUNDLE_IDENTIFIER = NoLogo.RSSFeedParserTests;
				PRODUCT_NAME = "$(TARGET_NAME)";
				TEST_HOST = "$(BUILT_PRODUCTS_DIR)/RSSFeedParser.app/RSSFeedParser";
			};
			name = Debug;
		};
		96E218231CDA69FA00ADCF21 /* Release */ = {
			isa = XCBuildConfiguration;
			buildSettings = {
				BUNDLE_LOADER = "$(TEST_HOST)";
				INFOPLIST_FILE = RSSFeedParserTests/Info.plist;
				LD_RUNPATH_SEARCH_PATHS = "$(inherited) @executable_path/Frameworks @loader_path/Frameworks";
				PRODUCT_BUNDLE_IDENTIFIER = NoLogo.RSSFeedParserTests;
				PRODUCT_NAME = "$(TARGET_NAME)";
				TEST_HOST = "$(BUILT_PRODUCTS_DIR)/RSSFeedParser.app/RSSFeedParser";
			};
			name = Release;
		};
		96E218251CDA69FA00ADCF21 /* Debug */ = {
			isa = XCBuildConfiguration;
			buildSettings = {
				INFOPLIST_FILE = RSSFeedParserUITests/Info.plist;
				LD_RUNPATH_SEARCH_PATHS = "$(inherited) @executable_path/Frameworks @loader_path/Frameworks";
				PRODUCT_BUNDLE_IDENTIFIER = NoLogo.RSSFeedParserUITests;
				PRODUCT_NAME = "$(TARGET_NAME)";
				TEST_TARGET_NAME = RSSFeedParser;
			};
			name = Debug;
		};
		96E218261CDA69FA00ADCF21 /* Release */ = {
			isa = XCBuildConfiguration;
			buildSettings = {
				INFOPLIST_FILE = RSSFeedParserUITests/Info.plist;
				LD_RUNPATH_SEARCH_PATHS = "$(inherited) @executable_path/Frameworks @loader_path/Frameworks";
				PRODUCT_BUNDLE_IDENTIFIER = NoLogo.RSSFeedParserUITests;
				PRODUCT_NAME = "$(TARGET_NAME)";
				TEST_TARGET_NAME = RSSFeedParser;
			};
			name = Release;
		};
/* End XCBuildConfiguration section */

/* Begin XCConfigurationList section */
		96E217EC1CDA69FA00ADCF21 /* Build configuration list for PBXProject "RSSFeedParser" */ = {
			isa = XCConfigurationList;
			buildConfigurations = (
				96E2181C1CDA69FA00ADCF21 /* Debug */,
				96E2181D1CDA69FA00ADCF21 /* Release */,
			);
			defaultConfigurationIsVisible = 0;
			defaultConfigurationName = Release;
		};
		96E2181E1CDA69FA00ADCF21 /* Build configuration list for PBXNativeTarget "RSSFeedParser" */ = {
			isa = XCConfigurationList;
			buildConfigurations = (
				96E2181F1CDA69FA00ADCF21 /* Debug */,
				96E218201CDA69FA00ADCF21 /* Release */,
			);
			defaultConfigurationIsVisible = 0;
			defaultConfigurationName = Release;
		};
		96E218211CDA69FA00ADCF21 /* Build configuration list for PBXNativeTarget "RSSFeedParserTests" */ = {
			isa = XCConfigurationList;
			buildConfigurations = (
				96E218221CDA69FA00ADCF21 /* Debug */,
				96E218231CDA69FA00ADCF21 /* Release */,
			);
			defaultConfigurationIsVisible = 0;
			defaultConfigurationName = Release;
		};
		96E218241CDA69FA00ADCF21 /* Build configuration list for PBXNativeTarget "RSSFeedParserUITests" */ = {
			isa = XCConfigurationList;
			buildConfigurations = (
				96E218251CDA69FA00ADCF21 /* Debug */,
				96E218261CDA69FA00ADCF21 /* Release */,
			);
			defaultConfigurationIsVisible = 0;
			defaultConfigurationName = Release;
		};
/* End XCConfigurationList section */
	};
	rootObject = 96E217E91CDA69FA00ADCF21 /* Project object */;
}
