// !$*UTF8*$!
{
	archiveVersion = 1;
	classes = {
	};
	objectVersion = 46;
	objects = {

/* Begin PBXBuildFile section */
		965BE36D1CDBBA100025DACB /* DataDisplayManagerTests.m in Sources */ = {isa = PBXBuildFile; fileRef = 965BE36C1CDBBA100025DACB /* DataDisplayManagerTests.m */; };
		965BE36F1CDBCF050025DACB /* ViewControllerTests.m in Sources */ = {isa = PBXBuildFile; fileRef = 965BE36E1CDBCF050025DACB /* ViewControllerTests.m */; };
		96E217F61CDA69FA00ADCF21 /* main.m in Sources */ = {isa = PBXBuildFile; fileRef = 96E217F51CDA69FA00ADCF21 /* main.m */; };
		96E217F91CDA69FA00ADCF21 /* AppDelegate.m in Sources */ = {isa = PBXBuildFile; fileRef = 96E217F81CDA69FA00ADCF21 /* AppDelegate.m */; };
		96E217FC1CDA69FA00ADCF21 /* ViewController.m in Sources */ = {isa = PBXBuildFile; fileRef = 96E217FB1CDA69FA00ADCF21 /* ViewController.m */; };
		96E217FF1CDA69FA00ADCF21 /* Main.storyboard in Resources */ = {isa = PBXBuildFile; fileRef = 96E217FD1CDA69FA00ADCF21 /* Main.storyboard */; };
		96E218011CDA69FA00ADCF21 /* Assets.xcassets in Resources */ = {isa = PBXBuildFile; fileRef = 96E218001CDA69FA00ADCF21 /* Assets.xcassets */; };
		96E218041CDA69FA00ADCF21 /* LaunchScreen.storyboard in Resources */ = {isa = PBXBuildFile; fileRef = 96E218021CDA69FA00ADCF21 /* LaunchScreen.storyboard */; };
		96E2180F1CDA69FA00ADCF21 /* RSSFeedParserTests.m in Sources */ = {isa = PBXBuildFile; fileRef = 96E2180E1CDA69FA00ADCF21 /* RSSFeedParserTests.m */; };
		96E2181A1CDA69FA00ADCF21 /* RSSFeedParserUITests.m in Sources */ = {isa = PBXBuildFile; fileRef = 96E218191CDA69FA00ADCF21 /* RSSFeedParserUITests.m */; };
		96E218341CDA6F0000ADCF21 /* FeedPlainObject.m in Sources */ = {isa = PBXBuildFile; fileRef = 96E218331CDA6F0000ADCF21 /* FeedPlainObject.m */; };
		96E218391CDA757E00ADCF21 /* DataDownloaderImplementation.m in Sources */ = {isa = PBXBuildFile; fileRef = 96E218381CDA757E00ADCF21 /* DataDownloaderImplementation.m */; };
		96E2183D1CDA760B00ADCF21 /* DataDownloaderImplementationTest.m in Sources */ = {isa = PBXBuildFile; fileRef = 96E2183C1CDA760B00ADCF21 /* DataDownloaderImplementationTest.m */; };
		96E218421CDA7EBF00ADCF21 /* RSSFeedParserImplementation.m in Sources */ = {isa = PBXBuildFile; fileRef = 96E218411CDA7EBF00ADCF21 /* RSSFeedParserImplementation.m */; };
		96E218451CDA7F4600ADCF21 /* RSSFeedParserImplementationTests.m in Sources */ = {isa = PBXBuildFile; fileRef = 96E218441CDA7F4600ADCF21 /* RSSFeedParserImplementationTests.m */; };
		96E218491CDB372300ADCF21 /* ImageResize.m in Sources */ = {isa = PBXBuildFile; fileRef = 96E218481CDB372300ADCF21 /* ImageResize.m */; };
		96E2184C1CDB3B9E00ADCF21 /* ImageResizeTests.m in Sources */ = {isa = PBXBuildFile; fileRef = 96E2184B1CDB3B9E00ADCF21 /* ImageResizeTests.m */; };
		96E218501CDB3DA400ADCF21 /* InRSSDateFormatter.m in Sources */ = {isa = PBXBuildFile; fileRef = 96E2184F1CDB3DA400ADCF21 /* InRSSDateFormatter.m */; };
		96E218541CDB3DC900ADCF21 /* OutRussianDateFormatter.m in Sources */ = {isa = PBXBuildFile; fileRef = 96E218531CDB3DC900ADCF21 /* OutRussianDateFormatter.m */; };
		96E218591CDB3F4A00ADCF21 /* InRSSDateFormatterTest.m in Sources */ = {isa = PBXBuildFile; fileRef = 96E218581CDB3F4A00ADCF21 /* InRSSDateFormatterTest.m */; };
		96E2185B1CDB3F5200ADCF21 /* RussianDateFormatterTest.m in Sources */ = {isa = PBXBuildFile; fileRef = 96E2185A1CDB3F5200ADCF21 /* RussianDateFormatterTest.m */; };
		96E218601CDB436F00ADCF21 /* RSSFeedParserService.m in Sources */ = {isa = PBXBuildFile; fileRef = 96E2185F1CDB436F00ADCF21 /* RSSFeedParserService.m */; };
		96E218651CDB43FD00ADCF21 /* RSSFeedParserServiceTests.m in Sources */ = {isa = PBXBuildFile; fileRef = 96E218641CDB43FD00ADCF21 /* RSSFeedParserServiceTests.m */; };
		96E2186B1CDB4A1E00ADCF21 /* MainFeedInteractor.m in Sources */ = {isa = PBXBuildFile; fileRef = 96E2186A1CDB4A1E00ADCF21 /* MainFeedInteractor.m */; };
		96E218701CDB4A5800ADCF21 /* InteractorTests.m in Sources */ = {isa = PBXBuildFile; fileRef = 96E2186F1CDB4A5800ADCF21 /* InteractorTests.m */; };
		96E218741CDB533600ADCF21 /* MainFeedPresenter.m in Sources */ = {isa = PBXBuildFile; fileRef = 96E218731CDB533600ADCF21 /* MainFeedPresenter.m */; };
		96E2187C1CDB552800ADCF21 /* MainFeedPresenterTests.m in Sources */ = {isa = PBXBuildFile; fileRef = 96E2187B1CDB552800ADCF21 /* MainFeedPresenterTests.m */; };
		96E218811CDB5B0C00ADCF21 /* FeedCellModel.m in Sources */ = {isa = PBXBuildFile; fileRef = 96E218801CDB5B0C00ADCF21 /* FeedCellModel.m */; };
		96E218851CDB5BA000ADCF21 /* FeedConverter.m in Sources */ = {isa = PBXBuildFile; fileRef = 96E218841CDB5BA000ADCF21 /* FeedConverter.m */; };
		96E218891CDB5F6100ADCF21 /* FeedConverterTests.m in Sources */ = {isa = PBXBuildFile; fileRef = 96E218881CDB5F6100ADCF21 /* FeedConverterTests.m */; };
		96E2188E1CDB73B400ADCF21 /* FeedDataConverterStore.m in Sources */ = {isa = PBXBuildFile; fileRef = 96E2188D1CDB73B400ADCF21 /* FeedDataConverterStore.m */; };
		96E218911CDB791500ADCF21 /* FeedDataConverterStoreTests.m in Sources */ = {isa = PBXBuildFile; fileRef = 96E218901CDB791500ADCF21 /* FeedDataConverterStoreTests.m */; };
		96E218961CDB8A1B00ADCF21 /* FeedCell.m in Sources */ = {isa = PBXBuildFile; fileRef = 96E218951CDB8A1B00ADCF21 /* FeedCell.m */; };
		96E2189C1CDB8C5800ADCF21 /* MainFeedDataDisplayManager.m in Sources */ = {isa = PBXBuildFile; fileRef = 96E2189B1CDB8C5800ADCF21 /* MainFeedDataDisplayManager.m */; };
		96E218A11CDB99ED00ADCF21 /* FeedCellTests.m in Sources */ = {isa = PBXBuildFile; fileRef = 96E218A01CDB99ED00ADCF21 /* FeedCellTests.m */; };
		EAE8C057BDFF5992E0812838 /* Pods_RSSFeedParser.framework in Frameworks */ = {isa = PBXBuildFile; fileRef = DA4F069DA13F5D7A5F6BE5C7 /* Pods_RSSFeedParser.framework */; };
/* End PBXBuildFile section */

/* Begin PBXContainerItemProxy section */
		96E2180B1CDA69FA00ADCF21 /* PBXContainerItemProxy */ = {
			isa = PBXContainerItemProxy;
			containerPortal = 96E217E91CDA69FA00ADCF21 /* Project object */;
			proxyType = 1;
			remoteGlobalIDString = 96E217F01CDA69FA00ADCF21;
			remoteInfo = RSSFeedParser;
		};
		96E218161CDA69FA00ADCF21 /* PBXContainerItemProxy */ = {
			isa = PBXContainerItemProxy;
			containerPortal = 96E217E91CDA69FA00ADCF21 /* Project object */;
			proxyType = 1;
			remoteGlobalIDString = 96E217F01CDA69FA00ADCF21;
			remoteInfo = RSSFeedParser;
		};
/* End PBXContainerItemProxy section */

/* Begin PBXFileReference section */
		3422CA154FF09066377587E9 /* Pods-RSSFeedParser.debug.xcconfig */ = {isa = PBXFileReference; includeInIndex = 1; lastKnownFileType = text.xcconfig; name = "Pods-RSSFeedParser.debug.xcconfig"; path = "Pods/Target Support Files/Pods-RSSFeedParser/Pods-RSSFeedParser.debug.xcconfig"; sourceTree = "<group>"; };
		965BE36C1CDBBA100025DACB /* DataDisplayManagerTests.m */ = {isa = PBXFileReference; fileEncoding = 4; lastKnownFileType = sourcecode.c.objc; path = DataDisplayManagerTests.m; sourceTree = "<group>"; };
		965BE36E1CDBCF050025DACB /* ViewControllerTests.m */ = {isa = PBXFileReference; fileEncoding = 4; lastKnownFileType = sourcecode.c.objc; path = ViewControllerTests.m; sourceTree = "<group>"; };
		96E217F11CDA69FA00ADCF21 /* RSSFeedParser.app */ = {isa = PBXFileReference; explicitFileType = wrapper.application; includeInIndex = 0; path = RSSFeedParser.app; sourceTree = BUILT_PRODUCTS_DIR; };
		96E217F51CDA69FA00ADCF21 /* main.m */ = {isa = PBXFileReference; lastKnownFileType = sourcecode.c.objc; path = main.m; sourceTree = "<group>"; };
		96E217F71CDA69FA00ADCF21 /* AppDelegate.h */ = {isa = PBXFileReference; lastKnownFileType = sourcecode.c.h; path = AppDelegate.h; sourceTree = "<group>"; };
		96E217F81CDA69FA00ADCF21 /* AppDelegate.m */ = {isa = PBXFileReference; lastKnownFileType = sourcecode.c.objc; path = AppDelegate.m; sourceTree = "<group>"; };
		96E217FA1CDA69FA00ADCF21 /* ViewController.h */ = {isa = PBXFileReference; lastKnownFileType = sourcecode.c.h; path = ViewController.h; sourceTree = "<group>"; };
		96E217FB1CDA69FA00ADCF21 /* ViewController.m */ = {isa = PBXFileReference; lastKnownFileType = sourcecode.c.objc; path = ViewController.m; sourceTree = "<group>"; };
		96E217FE1CDA69FA00ADCF21 /* Base */ = {isa = PBXFileReference; lastKnownFileType = file.storyboard; name = Base; path = Base.lproj/Main.storyboard; sourceTree = "<group>"; };
		96E218001CDA69FA00ADCF21 /* Assets.xcassets */ = {isa = PBXFileReference; lastKnownFileType = folder.assetcatalog; name = Assets.xcassets; path = RSSFeedParser/Assets.xcassets; sourceTree = "<group>"; };
		96E218031CDA69FA00ADCF21 /* Base */ = {isa = PBXFileReference; lastKnownFileType = file.storyboard; name = Base; path = Base.lproj/LaunchScreen.storyboard; sourceTree = "<group>"; };
		96E218051CDA69FA00ADCF21 /* Info.plist */ = {isa = PBXFileReference; lastKnownFileType = text.plist.xml; path = Info.plist; sourceTree = "<group>"; };
		96E2180A1CDA69FA00ADCF21 /* RSSFeedParserTests.xctest */ = {isa = PBXFileReference; explicitFileType = wrapper.cfbundle; includeInIndex = 0; path = RSSFeedParserTests.xctest; sourceTree = BUILT_PRODUCTS_DIR; };
		96E2180E1CDA69FA00ADCF21 /* RSSFeedParserTests.m */ = {isa = PBXFileReference; lastKnownFileType = sourcecode.c.objc; path = RSSFeedParserTests.m; sourceTree = "<group>"; };
		96E218101CDA69FA00ADCF21 /* Info.plist */ = {isa = PBXFileReference; lastKnownFileType = text.plist.xml; path = Info.plist; sourceTree = "<group>"; };
		96E218151CDA69FA00ADCF21 /* RSSFeedParserUITests.xctest */ = {isa = PBXFileReference; explicitFileType = wrapper.cfbundle; includeInIndex = 0; path = RSSFeedParserUITests.xctest; sourceTree = BUILT_PRODUCTS_DIR; };
		96E218191CDA69FA00ADCF21 /* RSSFeedParserUITests.m */ = {isa = PBXFileReference; lastKnownFileType = sourcecode.c.objc; path = RSSFeedParserUITests.m; sourceTree = "<group>"; };
		96E2181B1CDA69FA00ADCF21 /* Info.plist */ = {isa = PBXFileReference; lastKnownFileType = text.plist.xml; path = Info.plist; sourceTree = "<group>"; };
		96E218321CDA6E3F00ADCF21 /* FeedPlainObject.h */ = {isa = PBXFileReference; lastKnownFileType = sourcecode.c.h; path = FeedPlainObject.h; sourceTree = "<group>"; };
		96E218331CDA6F0000ADCF21 /* FeedPlainObject.m */ = {isa = PBXFileReference; fileEncoding = 4; lastKnownFileType = sourcecode.c.objc; path = FeedPlainObject.m; sourceTree = "<group>"; };
		96E218361CDA6F9300ADCF21 /* DataDownloader.h */ = {isa = PBXFileReference; lastKnownFileType = sourcecode.c.h; path = DataDownloader.h; sourceTree = "<group>"; };
		96E218371CDA757800ADCF21 /* DataDownloaderImplementation.h */ = {isa = PBXFileReference; lastKnownFileType = sourcecode.c.h; path = DataDownloaderImplementation.h; sourceTree = "<group>"; };
		96E218381CDA757E00ADCF21 /* DataDownloaderImplementation.m */ = {isa = PBXFileReference; fileEncoding = 4; lastKnownFileType = sourcecode.c.objc; path = DataDownloaderImplementation.m; sourceTree = "<group>"; };
		96E2183C1CDA760B00ADCF21 /* DataDownloaderImplementationTest.m */ = {isa = PBXFileReference; fileEncoding = 4; lastKnownFileType = sourcecode.c.objc; path = DataDownloaderImplementationTest.m; sourceTree = "<group>"; };
		96E2183F1CDA7EA100ADCF21 /* RSSFeedParser.h */ = {isa = PBXFileReference; lastKnownFileType = sourcecode.c.h; path = RSSFeedParser.h; sourceTree = "<group>"; };
		96E218401CDA7EB600ADCF21 /* RSSFeedParserImplementation.h */ = {isa = PBXFileReference; lastKnownFileType = sourcecode.c.h; path = RSSFeedParserImplementation.h; sourceTree = "<group>"; };
		96E218411CDA7EBF00ADCF21 /* RSSFeedParserImplementation.m */ = {isa = PBXFileReference; fileEncoding = 4; lastKnownFileType = sourcecode.c.objc; path = RSSFeedParserImplementation.m; sourceTree = "<group>"; };
		96E218441CDA7F4600ADCF21 /* RSSFeedParserImplementationTests.m */ = {isa = PBXFileReference; fileEncoding = 4; lastKnownFileType = sourcecode.c.objc; path = RSSFeedParserImplementationTests.m; sourceTree = "<group>"; };
		96E218471CDB371A00ADCF21 /* ImageResize.h */ = {isa = PBXFileReference; lastKnownFileType = sourcecode.c.h; path = ImageResize.h; sourceTree = "<group>"; };
		96E218481CDB372300ADCF21 /* ImageResize.m */ = {isa = PBXFileReference; fileEncoding = 4; lastKnownFileType = sourcecode.c.objc; path = ImageResize.m; sourceTree = "<group>"; };
		96E2184B1CDB3B9E00ADCF21 /* ImageResizeTests.m */ = {isa = PBXFileReference; fileEncoding = 4; lastKnownFileType = sourcecode.c.objc; path = ImageResizeTests.m; sourceTree = "<group>"; };
		96E2184E1CDB3D9500ADCF21 /* InRSSDateFormatter.h */ = {isa = PBXFileReference; lastKnownFileType = sourcecode.c.h; path = InRSSDateFormatter.h; sourceTree = "<group>"; };
		96E2184F1CDB3DA400ADCF21 /* InRSSDateFormatter.m */ = {isa = PBXFileReference; fileEncoding = 4; lastKnownFileType = sourcecode.c.objc; path = InRSSDateFormatter.m; sourceTree = "<group>"; };
		96E218511CDB3DB100ADCF21 /* InDateFormatter.h */ = {isa = PBXFileReference; lastKnownFileType = sourcecode.c.h; path = InDateFormatter.h; sourceTree = "<group>"; };
		96E218521CDB3DC300ADCF21 /* OutRussianDateFormatter.h */ = {isa = PBXFileReference; lastKnownFileType = sourcecode.c.h; path = OutRussianDateFormatter.h; sourceTree = "<group>"; };
		96E218531CDB3DC900ADCF21 /* OutRussianDateFormatter.m */ = {isa = PBXFileReference; fileEncoding = 4; lastKnownFileType = sourcecode.c.objc; path = OutRussianDateFormatter.m; sourceTree = "<group>"; };
		96E218551CDB3DD100ADCF21 /* OutDateFormatter.h */ = {isa = PBXFileReference; lastKnownFileType = sourcecode.c.h; path = OutDateFormatter.h; sourceTree = "<group>"; };
		96E218561CDB3DDE00ADCF21 /* DateFormatterConstants.h */ = {isa = PBXFileReference; lastKnownFileType = sourcecode.c.h; path = DateFormatterConstants.h; sourceTree = "<group>"; };
		96E218581CDB3F4A00ADCF21 /* InRSSDateFormatterTest.m */ = {isa = PBXFileReference; fileEncoding = 4; lastKnownFileType = sourcecode.c.objc; path = InRSSDateFormatterTest.m; sourceTree = "<group>"; };
		96E2185A1CDB3F5200ADCF21 /* RussianDateFormatterTest.m */ = {isa = PBXFileReference; fileEncoding = 4; lastKnownFileType = sourcecode.c.objc; path = RussianDateFormatterTest.m; sourceTree = "<group>"; };
		96E2185E1CDB436700ADCF21 /* RSSFeedParserService.h */ = {isa = PBXFileReference; lastKnownFileType = sourcecode.c.h; path = RSSFeedParserService.h; sourceTree = "<group>"; };
		96E2185F1CDB436F00ADCF21 /* RSSFeedParserService.m */ = {isa = PBXFileReference; fileEncoding = 4; lastKnownFileType = sourcecode.c.objc; path = RSSFeedParserService.m; sourceTree = "<group>"; };
		96E218611CDB437500ADCF21 /* RSSFeedParserServiceOutput.h */ = {isa = PBXFileReference; lastKnownFileType = sourcecode.c.h; path = RSSFeedParserServiceOutput.h; sourceTree = "<group>"; };
		96E218641CDB43FD00ADCF21 /* RSSFeedParserServiceTests.m */ = {isa = PBXFileReference; fileEncoding = 4; lastKnownFileType = sourcecode.c.objc; path = RSSFeedParserServiceTests.m; sourceTree = "<group>"; };
		96E218671CDB49EB00ADCF21 /* MainFeedInteractorInput.h */ = {isa = PBXFileReference; lastKnownFileType = sourcecode.c.h; path = MainFeedInteractorInput.h; sourceTree = "<group>"; };
		96E218681CDB4A1100ADCF21 /* MainFeedInteractorOutput.h */ = {isa = PBXFileReference; lastKnownFileType = sourcecode.c.h; path = MainFeedInteractorOutput.h; sourceTree = "<group>"; };
		96E218691CDB4A1600ADCF21 /* MainFeedInteractor.h */ = {isa = PBXFileReference; lastKnownFileType = sourcecode.c.h; path = MainFeedInteractor.h; sourceTree = "<group>"; };
		96E2186A1CDB4A1E00ADCF21 /* MainFeedInteractor.m */ = {isa = PBXFileReference; fileEncoding = 4; lastKnownFileType = sourcecode.c.objc; path = MainFeedInteractor.m; sourceTree = "<group>"; };
		96E2186F1CDB4A5800ADCF21 /* InteractorTests.m */ = {isa = PBXFileReference; fileEncoding = 4; lastKnownFileType = sourcecode.c.objc; path = InteractorTests.m; sourceTree = "<group>"; };
		96E218721CDB532F00ADCF21 /* MainFeedPresenter.h */ = {isa = PBXFileReference; lastKnownFileType = sourcecode.c.h; path = MainFeedPresenter.h; sourceTree = "<group>"; };
		96E218731CDB533600ADCF21 /* MainFeedPresenter.m */ = {isa = PBXFileReference; fileEncoding = 4; lastKnownFileType = sourcecode.c.objc; path = MainFeedPresenter.m; sourceTree = "<group>"; };
		96E218781CDB53F300ADCF21 /* MainFeedViewInput.h */ = {isa = PBXFileReference; lastKnownFileType = sourcecode.c.h; path = MainFeedViewInput.h; sourceTree = "<group>"; };
		96E218791CDB543200ADCF21 /* MainFeedViewOutput.h */ = {isa = PBXFileReference; lastKnownFileType = sourcecode.c.h; path = MainFeedViewOutput.h; sourceTree = "<group>"; };
		96E2187B1CDB552800ADCF21 /* MainFeedPresenterTests.m */ = {isa = PBXFileReference; fileEncoding = 4; lastKnownFileType = sourcecode.c.objc; path = MainFeedPresenterTests.m; sourceTree = "<group>"; };
		96E2187E1CDB5AF800ADCF21 /* CellConfiguration.h */ = {isa = PBXFileReference; lastKnownFileType = sourcecode.c.h; path = CellConfiguration.h; sourceTree = "<group>"; };
		96E2187F1CDB5B0100ADCF21 /* FeedCellModel.h */ = {isa = PBXFileReference; lastKnownFileType = sourcecode.c.h; path = FeedCellModel.h; sourceTree = "<group>"; };
		96E218801CDB5B0C00ADCF21 /* FeedCellModel.m */ = {isa = PBXFileReference; fileEncoding = 4; lastKnownFileType = sourcecode.c.objc; path = FeedCellModel.m; sourceTree = "<group>"; };
		96E218831CDB5B9700ADCF21 /* FeedConverter.h */ = {isa = PBXFileReference; lastKnownFileType = sourcecode.c.h; path = FeedConverter.h; sourceTree = "<group>"; };
		96E218841CDB5BA000ADCF21 /* FeedConverter.m */ = {isa = PBXFileReference; fileEncoding = 4; lastKnownFileType = sourcecode.c.objc; path = FeedConverter.m; sourceTree = "<group>"; };
		96E218881CDB5F6100ADCF21 /* FeedConverterTests.m */ = {isa = PBXFileReference; fileEncoding = 4; lastKnownFileType = sourcecode.c.objc; path = FeedConverterTests.m; sourceTree = "<group>"; };
		96E2188B1CDB73A600ADCF21 /* DataConverterStore.h */ = {isa = PBXFileReference; lastKnownFileType = sourcecode.c.h; path = DataConverterStore.h; sourceTree = "<group>"; };
		96E2188C1CDB73AE00ADCF21 /* FeedDataConverterStore.h */ = {isa = PBXFileReference; lastKnownFileType = sourcecode.c.h; path = FeedDataConverterStore.h; sourceTree = "<group>"; };
		96E2188D1CDB73B400ADCF21 /* FeedDataConverterStore.m */ = {isa = PBXFileReference; fileEncoding = 4; lastKnownFileType = sourcecode.c.objc; path = FeedDataConverterStore.m; sourceTree = "<group>"; };
		96E218901CDB791500ADCF21 /* FeedDataConverterStoreTests.m */ = {isa = PBXFileReference; fileEncoding = 4; lastKnownFileType = sourcecode.c.objc; path = FeedDataConverterStoreTests.m; sourceTree = "<group>"; };
		96E218921CDB897B00ADCF21 /* CellConfigurationConstants.h */ = {isa = PBXFileReference; lastKnownFileType = sourcecode.c.h; path = CellConfigurationConstants.h; sourceTree = "<group>"; };
		96E218941CDB8A1000ADCF21 /* FeedCell.h */ = {isa = PBXFileReference; lastKnownFileType = sourcecode.c.h; path = FeedCell.h; sourceTree = "<group>"; };
		96E218951CDB8A1B00ADCF21 /* FeedCell.m */ = {isa = PBXFileReference; fileEncoding = 4; lastKnownFileType = sourcecode.c.objc; path = FeedCell.m; sourceTree = "<group>"; };
		96E218991CDB8C4900ADCF21 /* DataDisplayManager.h */ = {isa = PBXFileReference; lastKnownFileType = sourcecode.c.h; path = DataDisplayManager.h; sourceTree = "<group>"; };
		96E2189A1CDB8C5300ADCF21 /* MainFeedDataDisplayManager.h */ = {isa = PBXFileReference; lastKnownFileType = sourcecode.c.h; path = MainFeedDataDisplayManager.h; sourceTree = "<group>"; };
		96E2189B1CDB8C5800ADCF21 /* MainFeedDataDisplayManager.m */ = {isa = PBXFileReference; fileEncoding = 4; lastKnownFileType = sourcecode.c.objc; path = MainFeedDataDisplayManager.m; sourceTree = "<group>"; };
		96E218A01CDB99ED00ADCF21 /* FeedCellTests.m */ = {isa = PBXFileReference; fileEncoding = 4; lastKnownFileType = sourcecode.c.objc; path = FeedCellTests.m; sourceTree = "<group>"; };
		9D14689CC9787E0BD2B00FD8 /* Pods-RSSFeedParser.release.xcconfig */ = {isa = PBXFileReference; includeInIndex = 1; lastKnownFileType = text.xcconfig; name = "Pods-RSSFeedParser.release.xcconfig"; path = "Pods/Target Support Files/Pods-RSSFeedParser/Pods-RSSFeedParser.release.xcconfig"; sourceTree = "<group>"; };
		DA4F069DA13F5D7A5F6BE5C7 /* Pods_RSSFeedParser.framework */ = {isa = PBXFileReference; explicitFileType = wrapper.framework; includeInIndex = 0; path = Pods_RSSFeedParser.framework; sourceTree = BUILT_PRODUCTS_DIR; };
/* End PBXFileReference section */

/* Begin PBXFrameworksBuildPhase section */
		96E217EE1CDA69FA00ADCF21 /* Frameworks */ = {
			isa = PBXFrameworksBuildPhase;
			buildActionMask = 2147483647;
			files = (
				EAE8C057BDFF5992E0812838 /* Pods_RSSFeedParser.framework in Frameworks */,
			);
			runOnlyForDeploymentPostprocessing = 0;
		};
		96E218071CDA69FA00ADCF21 /* Frameworks */ = {
			isa = PBXFrameworksBuildPhase;
			buildActionMask = 2147483647;
			files = (
			);
			runOnlyForDeploymentPostprocessing = 0;
		};
		96E218121CDA69FA00ADCF21 /* Frameworks */ = {
			isa = PBXFrameworksBuildPhase;
			buildActionMask = 2147483647;
			files = (
			);
			runOnlyForDeploymentPostprocessing = 0;
		};
/* End PBXFrameworksBuildPhase section */

/* Begin PBXGroup section */
		96E217E81CDA69FA00ADCF21 = {
			isa = PBXGroup;
			children = (
				96E217F31CDA69FA00ADCF21 /* RSSFeedParser */,
				96E2180D1CDA69FA00ADCF21 /* RSSFeedParserTests */,
				96E218181CDA69FA00ADCF21 /* RSSFeedParserUITests */,
				96E217F21CDA69FA00ADCF21 /* Products */,
				FE4A79C6C573B7AF0AD518FA /* Pods */,
				F37650CC6D8BE5A042BCCF7C /* Frameworks */,
			);
			sourceTree = "<group>";
		};
		96E217F21CDA69FA00ADCF21 /* Products */ = {
			isa = PBXGroup;
			children = (
				96E217F11CDA69FA00ADCF21 /* RSSFeedParser.app */,
				96E2180A1CDA69FA00ADCF21 /* RSSFeedParserTests.xctest */,
				96E218151CDA69FA00ADCF21 /* RSSFeedParserUITests.xctest */,
			);
			name = Products;
			sourceTree = "<group>";
		};
		96E217F31CDA69FA00ADCF21 /* RSSFeedParser */ = {
			isa = PBXGroup;
			children = (
				96E218271CDA6A1000ADCF21 /* Classes */,
				96E2182B1CDA6D4400ADCF21 /* Storyboards */,
				96E218301CDA6D9B00ADCF21 /* Resources */,
				96E217F41CDA69FA00ADCF21 /* Supporting Files */,
			);
			path = RSSFeedParser;
			sourceTree = "<group>";
		};
		96E217F41CDA69FA00ADCF21 /* Supporting Files */ = {
			isa = PBXGroup;
			children = (
				96E218051CDA69FA00ADCF21 /* Info.plist */,
				96E217F51CDA69FA00ADCF21 /* main.m */,
			);
			name = "Supporting Files";
			sourceTree = "<group>";
		};
		96E2180D1CDA69FA00ADCF21 /* RSSFeedParserTests */ = {
			isa = PBXGroup;
			children = (
				96E2186C1CDB4A2900ADCF21 /* UserStoriesTests */,
				96E218621CDB43AF00ADCF21 /* ServicesTests */,
				96E2183A1CDA75D100ADCF21 /* ModelsTests */,
				96E2180E1CDA69FA00ADCF21 /* RSSFeedParserTests.m */,
				96E218101CDA69FA00ADCF21 /* Info.plist */,
			);
			path = RSSFeedParserTests;
			sourceTree = "<group>";
		};
		96E218181CDA69FA00ADCF21 /* RSSFeedParserUITests */ = {
			isa = PBXGroup;
			children = (
				96E218191CDA69FA00ADCF21 /* RSSFeedParserUITests.m */,
				96E2181B1CDA69FA00ADCF21 /* Info.plist */,
			);
			path = RSSFeedParserUITests;
			sourceTree = "<group>";
		};
		96E218271CDA6A1000ADCF21 /* Classes */ = {
			isa = PBXGroup;
			children = (
				96E218291CDA6D2B00ADCF21 /* ApplicationLayer */,
				96E218761CDB539200ADCF21 /* PresentationLayer */,
				96E218771CDB53B900ADCF21 /* BusinessLogicLayer */,
				96E218281CDA6D2000ADCF21 /* Models */,
			);
			name = Classes;
			sourceTree = "<group>";
		};
		96E218281CDA6D2000ADCF21 /* Models */ = {
			isa = PBXGroup;
			children = (
				96E2184D1CDB3D6900ADCF21 /* DateFormatters */,
				96E218461CDB370700ADCF21 /* ImageResize */,
				96E2183E1CDA7E8F00ADCF21 /* RSSFeedParser */,
				96E218351CDA6F8500ADCF21 /* DataDownloader */,
				96E218311CDA6E2800ADCF21 /* FeedPlainObject */,
			);
			name = Models;
			sourceTree = "<group>";
		};
		96E218291CDA6D2B00ADCF21 /* ApplicationLayer */ = {
			isa = PBXGroup;
			children = (
				96E2182A1CDA6D3700ADCF21 /* AppDelegate */,
			);
			name = ApplicationLayer;
			sourceTree = "<group>";
		};
		96E2182A1CDA6D3700ADCF21 /* AppDelegate */ = {
			isa = PBXGroup;
			children = (
				96E217F71CDA69FA00ADCF21 /* AppDelegate.h */,
				96E217F81CDA69FA00ADCF21 /* AppDelegate.m */,
			);
			name = AppDelegate;
			sourceTree = "<group>";
		};
		96E2182B1CDA6D4400ADCF21 /* Storyboards */ = {
			isa = PBXGroup;
			children = (
				96E217FD1CDA69FA00ADCF21 /* Main.storyboard */,
				96E218021CDA69FA00ADCF21 /* LaunchScreen.storyboard */,
			);
			name = Storyboards;
			sourceTree = "<group>";
		};
		96E2182C1CDA6D5400ADCF21 /* UserStories */ = {
			isa = PBXGroup;
			children = (
				96E2182D1CDA6D6C00ADCF21 /* MainFeedUserStory */,
			);
			name = UserStories;
			sourceTree = "<group>";
		};
		96E2182D1CDA6D6C00ADCF21 /* MainFeedUserStory */ = {
			isa = PBXGroup;
			children = (
				96E2182E1CDA6D7400ADCF21 /* Module */,
			);
			name = MainFeedUserStory;
			sourceTree = "<group>";
		};
		96E2182E1CDA6D7400ADCF21 /* Module */ = {
			isa = PBXGroup;
			children = (
				96E2182F1CDA6D7900ADCF21 /* View */,
				96E218711CDB52F500ADCF21 /* Presenter */,
				96E218661CDB49D800ADCF21 /* Interactor */,
			);
			name = Module;
			sourceTree = "<group>";
		};
		96E2182F1CDA6D7900ADCF21 /* View */ = {
			isa = PBXGroup;
			children = (
				96E218981CDB8C2600ADCF21 /* DataDisplayManager */,
				96E218931CDB8A0400ADCF21 /* FeedCell */,
				96E2188A1CDB738900ADCF21 /* FeedDataConverterStore */,
				96E218821CDB5B8400ADCF21 /* FeedConverter */,
				96E2187D1CDB5AE300ADCF21 /* FeedCellModel */,
				96E218751CDB534E00ADCF21 /* ViewController */,
			);
			name = View;
			sourceTree = "<group>";
		};
		96E218301CDA6D9B00ADCF21 /* Resources */ = {
			isa = PBXGroup;
			children = (
				96E218001CDA69FA00ADCF21 /* Assets.xcassets */,
			);
			name = Resources;
			path = ..;
			sourceTree = "<group>";
		};
		96E218311CDA6E2800ADCF21 /* FeedPlainObject */ = {
			isa = PBXGroup;
			children = (
				96E218321CDA6E3F00ADCF21 /* FeedPlainObject.h */,
				96E218331CDA6F0000ADCF21 /* FeedPlainObject.m */,
			);
			name = FeedPlainObject;
			sourceTree = "<group>";
		};
		96E218351CDA6F8500ADCF21 /* DataDownloader */ = {
			isa = PBXGroup;
			children = (
				96E218361CDA6F9300ADCF21 /* DataDownloader.h */,
				96E218371CDA757800ADCF21 /* DataDownloaderImplementation.h */,
				96E218381CDA757E00ADCF21 /* DataDownloaderImplementation.m */,
			);
			name = DataDownloader;
			sourceTree = "<group>";
		};
		96E2183A1CDA75D100ADCF21 /* ModelsTests */ = {
			isa = PBXGroup;
			children = (
				96E218571CDB3F2800ADCF21 /* DateFormatterTests */,
				96E2184A1CDB3B8400ADCF21 /* ImageResizeTests */,
				96E218431CDA7F2B00ADCF21 /* RSSFeedParserTests */,
				96E2183B1CDA75E900ADCF21 /* DataDownloaderTests */,
			);
			name = ModelsTests;
			sourceTree = "<group>";
		};
		96E2183B1CDA75E900ADCF21 /* DataDownloaderTests */ = {
			isa = PBXGroup;
			children = (
				96E2183C1CDA760B00ADCF21 /* DataDownloaderImplementationTest.m */,
			);
			name = DataDownloaderTests;
			sourceTree = "<group>";
		};
		96E2183E1CDA7E8F00ADCF21 /* RSSFeedParser */ = {
			isa = PBXGroup;
			children = (
				96E2183F1CDA7EA100ADCF21 /* RSSFeedParser.h */,
				96E218401CDA7EB600ADCF21 /* RSSFeedParserImplementation.h */,
				96E218411CDA7EBF00ADCF21 /* RSSFeedParserImplementation.m */,
			);
			name = RSSFeedParser;
			sourceTree = "<group>";
		};
		96E218431CDA7F2B00ADCF21 /* RSSFeedParserTests */ = {
			isa = PBXGroup;
			children = (
				96E218441CDA7F4600ADCF21 /* RSSFeedParserImplementationTests.m */,
			);
			name = RSSFeedParserTests;
			sourceTree = "<group>";
		};
		96E218461CDB370700ADCF21 /* ImageResize */ = {
			isa = PBXGroup;
			children = (
				96E218471CDB371A00ADCF21 /* ImageResize.h */,
				96E218481CDB372300ADCF21 /* ImageResize.m */,
			);
			name = ImageResize;
			sourceTree = "<group>";
		};
		96E2184A1CDB3B8400ADCF21 /* ImageResizeTests */ = {
			isa = PBXGroup;
			children = (
				96E2184B1CDB3B9E00ADCF21 /* ImageResizeTests.m */,
			);
			name = ImageResizeTests;
			sourceTree = "<group>";
		};
		96E2184D1CDB3D6900ADCF21 /* DateFormatters */ = {
			isa = PBXGroup;
			children = (
				96E218561CDB3DDE00ADCF21 /* DateFormatterConstants.h */,
				96E218511CDB3DB100ADCF21 /* InDateFormatter.h */,
				96E2184E1CDB3D9500ADCF21 /* InRSSDateFormatter.h */,
				96E2184F1CDB3DA400ADCF21 /* InRSSDateFormatter.m */,
				96E218551CDB3DD100ADCF21 /* OutDateFormatter.h */,
				96E218521CDB3DC300ADCF21 /* OutRussianDateFormatter.h */,
				96E218531CDB3DC900ADCF21 /* OutRussianDateFormatter.m */,
			);
			name = DateFormatters;
			sourceTree = "<group>";
		};
		96E218571CDB3F2800ADCF21 /* DateFormatterTests */ = {
			isa = PBXGroup;
			children = (
				96E2185A1CDB3F5200ADCF21 /* RussianDateFormatterTest.m */,
				96E218581CDB3F4A00ADCF21 /* InRSSDateFormatterTest.m */,
			);
			name = DateFormatterTests;
			sourceTree = "<group>";
		};
		96E2185C1CDB424E00ADCF21 /* Services */ = {
			isa = PBXGroup;
			children = (
				96E2185D1CDB426E00ADCF21 /* RSSFeedParserService */,
			);
			name = Services;
			sourceTree = "<group>";
		};
		96E2185D1CDB426E00ADCF21 /* RSSFeedParserService */ = {
			isa = PBXGroup;
			children = (
				96E218611CDB437500ADCF21 /* RSSFeedParserServiceOutput.h */,
				96E2185E1CDB436700ADCF21 /* RSSFeedParserService.h */,
				96E2185F1CDB436F00ADCF21 /* RSSFeedParserService.m */,
			);
			name = RSSFeedParserService;
			sourceTree = "<group>";
		};
		96E218621CDB43AF00ADCF21 /* ServicesTests */ = {
			isa = PBXGroup;
			children = (
				96E218631CDB43B800ADCF21 /* RSSFeedParserServiceTests */,
			);
			name = ServicesTests;
			sourceTree = "<group>";
		};
		96E218631CDB43B800ADCF21 /* RSSFeedParserServiceTests */ = {
			isa = PBXGroup;
			children = (
				96E218641CDB43FD00ADCF21 /* RSSFeedParserServiceTests.m */,
			);
			name = RSSFeedParserServiceTests;
			sourceTree = "<group>";
		};
		96E218661CDB49D800ADCF21 /* Interactor */ = {
			isa = PBXGroup;
			children = (
				96E218671CDB49EB00ADCF21 /* MainFeedInteractorInput.h */,
				96E218681CDB4A1100ADCF21 /* MainFeedInteractorOutput.h */,
				96E218691CDB4A1600ADCF21 /* MainFeedInteractor.h */,
				96E2186A1CDB4A1E00ADCF21 /* MainFeedInteractor.m */,
			);
			name = Interactor;
			sourceTree = "<group>";
		};
		96E2186C1CDB4A2900ADCF21 /* UserStoriesTests */ = {
			isa = PBXGroup;
			children = (
				96E2186D1CDB4A3500ADCF21 /* MainFeedUserStoryTests */,
			);
			name = UserStoriesTests;
			sourceTree = "<group>";
		};
		96E2186D1CDB4A3500ADCF21 /* MainFeedUserStoryTests */ = {
			isa = PBXGroup;
			children = (
				96E218861CDB5F3E00ADCF21 /* ViewTests */,
				96E2187A1CDB551400ADCF21 /* PresenterTests */,
				96E2186E1CDB4A4400ADCF21 /* InteractorTests */,
			);
			name = MainFeedUserStoryTests;
			sourceTree = "<group>";
		};
		96E2186E1CDB4A4400ADCF21 /* InteractorTests */ = {
			isa = PBXGroup;
			children = (
				96E2186F1CDB4A5800ADCF21 /* InteractorTests.m */,
			);
			name = InteractorTests;
			sourceTree = "<group>";
		};
		96E218711CDB52F500ADCF21 /* Presenter */ = {
			isa = PBXGroup;
			children = (
				96E218721CDB532F00ADCF21 /* MainFeedPresenter.h */,
				96E218731CDB533600ADCF21 /* MainFeedPresenter.m */,
			);
			name = Presenter;
			sourceTree = "<group>";
		};
		96E218751CDB534E00ADCF21 /* ViewController */ = {
			isa = PBXGroup;
			children = (
				96E217FA1CDA69FA00ADCF21 /* ViewController.h */,
				96E217FB1CDA69FA00ADCF21 /* ViewController.m */,
				96E218781CDB53F300ADCF21 /* MainFeedViewInput.h */,
				96E218791CDB543200ADCF21 /* MainFeedViewOutput.h */,
			);
			name = ViewController;
			sourceTree = "<group>";
		};
		96E218761CDB539200ADCF21 /* PresentationLayer */ = {
			isa = PBXGroup;
			children = (
				96E2182C1CDA6D5400ADCF21 /* UserStories */,
			);
			name = PresentationLayer;
			sourceTree = "<group>";
		};
		96E218771CDB53B900ADCF21 /* BusinessLogicLayer */ = {
			isa = PBXGroup;
			children = (
				96E2185C1CDB424E00ADCF21 /* Services */,
			);
			name = BusinessLogicLayer;
			sourceTree = "<group>";
		};
		96E2187A1CDB551400ADCF21 /* PresenterTests */ = {
			isa = PBXGroup;
			children = (
				96E2187B1CDB552800ADCF21 /* MainFeedPresenterTests.m */,
			);
			name = PresenterTests;
			sourceTree = "<group>";
		};
		96E2187D1CDB5AE300ADCF21 /* FeedCellModel */ = {
			isa = PBXGroup;
			children = (
				96E218921CDB897B00ADCF21 /* CellConfigurationConstants.h */,
				96E2187E1CDB5AF800ADCF21 /* CellConfiguration.h */,
				96E2187F1CDB5B0100ADCF21 /* FeedCellModel.h */,
				96E218801CDB5B0C00ADCF21 /* FeedCellModel.m */,
			);
			name = FeedCellModel;
			sourceTree = "<group>";
		};
		96E218821CDB5B8400ADCF21 /* FeedConverter */ = {
			isa = PBXGroup;
			children = (
				96E218831CDB5B9700ADCF21 /* FeedConverter.h */,
				96E218841CDB5BA000ADCF21 /* FeedConverter.m */,
			);
			name = FeedConverter;
			sourceTree = "<group>";
		};
		96E218861CDB5F3E00ADCF21 /* ViewTests */ = {
			isa = PBXGroup;
			children = (
				965BE36E1CDBCF050025DACB /* ViewControllerTests.m */,
				965BE36C1CDBBA100025DACB /* DataDisplayManagerTests.m */,
				96E218A01CDB99ED00ADCF21 /* FeedCellTests.m */,
				96E218901CDB791500ADCF21 /* FeedDataConverterStoreTests.m */,
				96E218881CDB5F6100ADCF21 /* FeedConverterTests.m */,
				96E2189D1CDB8F7700ADCF21 /* MainFeedDataDisplayManagerTests */,
				96E2188F1CDB78F900ADCF21 /* FeedDataConverterStoreTests */,
				96E218871CDB5F4A00ADCF21 /* FeedConverterTests */,
			);
			name = ViewTests;
			sourceTree = "<group>";
		};
		96E218871CDB5F4A00ADCF21 /* FeedConverterTests */ = {
			isa = PBXGroup;
			children = (
			);
			name = FeedConverterTests;
			sourceTree = "<group>";
		};
		96E2188A1CDB738900ADCF21 /* FeedDataConverterStore */ = {
			isa = PBXGroup;
			children = (
				96E2188B1CDB73A600ADCF21 /* DataConverterStore.h */,
				96E2188C1CDB73AE00ADCF21 /* FeedDataConverterStore.h */,
				96E2188D1CDB73B400ADCF21 /* FeedDataConverterStore.m */,
			);
			name = FeedDataConverterStore;
			sourceTree = "<group>";
		};
		96E2188F1CDB78F900ADCF21 /* FeedDataConverterStoreTests */ = {
			isa = PBXGroup;
			children = (
			);
			name = FeedDataConverterStoreTests;
			sourceTree = "<group>";
		};
		96E218931CDB8A0400ADCF21 /* FeedCell */ = {
			isa = PBXGroup;
			children = (
				96E218951CDB8A1B00ADCF21 /* FeedCell.m */,
				96E218941CDB8A1000ADCF21 /* FeedCell.h */,
			);
			name = FeedCell;
			sourceTree = "<group>";
		};
		96E218981CDB8C2600ADCF21 /* DataDisplayManager */ = {
			isa = PBXGroup;
			children = (
				96E218991CDB8C4900ADCF21 /* DataDisplayManager.h */,
				96E2189A1CDB8C5300ADCF21 /* MainFeedDataDisplayManager.h */,
				96E2189B1CDB8C5800ADCF21 /* MainFeedDataDisplayManager.m */,
			);
			name = DataDisplayManager;
			sourceTree = "<group>";
		};
		96E2189D1CDB8F7700ADCF21 /* MainFeedDataDisplayManagerTests */ = {
			isa = PBXGroup;
			children = (
			);
			name = MainFeedDataDisplayManagerTests;
			sourceTree = "<group>";
		};
		F37650CC6D8BE5A042BCCF7C /* Frameworks */ = {
			isa = PBXGroup;
			children = (
				DA4F069DA13F5D7A5F6BE5C7 /* Pods_RSSFeedParser.framework */,
			);
			name = Frameworks;
			sourceTree = "<group>";
		};
		FE4A79C6C573B7AF0AD518FA /* Pods */ = {
			isa = PBXGroup;
			children = (
				3422CA154FF09066377587E9 /* Pods-RSSFeedParser.debug.xcconfig */,
				9D14689CC9787E0BD2B00FD8 /* Pods-RSSFeedParser.release.xcconfig */,
			);
			name = Pods;
			sourceTree = "<group>";
		};
/* End PBXGroup section */

/* Begin PBXNativeTarget section */
		96E217F01CDA69FA00ADCF21 /* RSSFeedParser */ = {
			isa = PBXNativeTarget;
			buildConfigurationList = 96E2181E1CDA69FA00ADCF21 /* Build configuration list for PBXNativeTarget "RSSFeedParser" */;
			buildPhases = (
				722555DA843A6438C71DB7A2 /* Check Pods Manifest.lock */,
				96E217ED1CDA69FA00ADCF21 /* Sources */,
				96E217EE1CDA69FA00ADCF21 /* Frameworks */,
				96E217EF1CDA69FA00ADCF21 /* Resources */,
				643ABE435268939A890D01E3 /* Embed Pods Frameworks */,
				9F374BBC6419233717BF882D /* Copy Pods Resources */,
			);
			buildRules = (
			);
			dependencies = (
			);
			name = RSSFeedParser;
			productName = RSSFeedParser;
			productReference = 96E217F11CDA69FA00ADCF21 /* RSSFeedParser.app */;
			productType = "com.apple.product-type.application";
		};
		96E218091CDA69FA00ADCF21 /* RSSFeedParserTests */ = {
			isa = PBXNativeTarget;
			buildConfigurationList = 96E218211CDA69FA00ADCF21 /* Build configuration list for PBXNativeTarget "RSSFeedParserTests" */;
			buildPhases = (
				96E218061CDA69FA00ADCF21 /* Sources */,
				96E218071CDA69FA00ADCF21 /* Frameworks */,
				96E218081CDA69FA00ADCF21 /* Resources */,
			);
			buildRules = (
			);
			dependencies = (
				96E2180C1CDA69FA00ADCF21 /* PBXTargetDependency */,
			);
			name = RSSFeedParserTests;
			productName = RSSFeedParserTests;
			productReference = 96E2180A1CDA69FA00ADCF21 /* RSSFeedParserTests.xctest */;
			productType = "com.apple.product-type.bundle.unit-test";
		};
		96E218141CDA69FA00ADCF21 /* RSSFeedParserUITests */ = {
			isa = PBXNativeTarget;
			buildConfigurationList = 96E218241CDA69FA00ADCF21 /* Build configuration list for PBXNativeTarget "RSSFeedParserUITests" */;
			buildPhases = (
				96E218111CDA69FA00ADCF21 /* Sources */,
				96E218121CDA69FA00ADCF21 /* Frameworks */,
				96E218131CDA69FA00ADCF21 /* Resources */,
			);
			buildRules = (
			);
			dependencies = (
				96E218171CDA69FA00ADCF21 /* PBXTargetDependency */,
			);
			name = RSSFeedParserUITests;
			productName = RSSFeedParserUITests;
			productReference = 96E218151CDA69FA00ADCF21 /* RSSFeedParserUITests.xctest */;
			productType = "com.apple.product-type.bundle.ui-testing";
		};
/* End PBXNativeTarget section */

/* Begin PBXProject section */
		96E217E91CDA69FA00ADCF21 /* Project object */ = {
			isa = PBXProject;
			attributes = {
				LastUpgradeCheck = 0730;
				ORGANIZATIONNAME = "No Logo";
				TargetAttributes = {
					96E217F01CDA69FA00ADCF21 = {
						CreatedOnToolsVersion = 7.3;
						DevelopmentTeam = Z5M5E3T534;
					};
					96E218091CDA69FA00ADCF21 = {
						CreatedOnToolsVersion = 7.3;
						DevelopmentTeam = Z5M5E3T534;
						TestTargetID = 96E217F01CDA69FA00ADCF21;
					};
					96E218141CDA69FA00ADCF21 = {
						CreatedOnToolsVersion = 7.3;
						DevelopmentTeam = Z5M5E3T534;
						TestTargetID = 96E217F01CDA69FA00ADCF21;
					};
				};
			};
			buildConfigurationList = 96E217EC1CDA69FA00ADCF21 /* Build configuration list for PBXProject "RSSFeedParser" */;
			compatibilityVersion = "Xcode 3.2";
			developmentRegion = English;
			hasScannedForEncodings = 0;
			knownRegions = (
				en,
				Base,
			);
			mainGroup = 96E217E81CDA69FA00ADCF21;
			productRefGroup = 96E217F21CDA69FA00ADCF21 /* Products */;
			projectDirPath = "";
			projectRoot = "";
			targets = (
				96E217F01CDA69FA00ADCF21 /* RSSFeedParser */,
				96E218091CDA69FA00ADCF21 /* RSSFeedParserTests */,
				96E218141CDA69FA00ADCF21 /* RSSFeedParserUITests */,
			);
		};
/* End PBXProject section */

/* Begin PBXResourcesBuildPhase section */
		96E217EF1CDA69FA00ADCF21 /* Resources */ = {
			isa = PBXResourcesBuildPhase;
			buildActionMask = 2147483647;
			files = (
				96E218041CDA69FA00ADCF21 /* LaunchScreen.storyboard in Resources */,
				96E218011CDA69FA00ADCF21 /* Assets.xcassets in Resources */,
				96E217FF1CDA69FA00ADCF21 /* Main.storyboard in Resources */,
			);
			runOnlyForDeploymentPostprocessing = 0;
		};
		96E218081CDA69FA00ADCF21 /* Resources */ = {
			isa = PBXResourcesBuildPhase;
			buildActionMask = 2147483647;
			files = (
			);
			runOnlyForDeploymentPostprocessing = 0;
		};
		96E218131CDA69FA00ADCF21 /* Resources */ = {
			isa = PBXResourcesBuildPhase;
			buildActionMask = 2147483647;
			files = (
			);
			runOnlyForDeploymentPostprocessing = 0;
		};
/* End PBXResourcesBuildPhase section */

/* Begin PBXShellScriptBuildPhase section */
		643ABE435268939A890D01E3 /* Embed Pods Frameworks */ = {
			isa = PBXShellScriptBuildPhase;
			buildActionMask = 2147483647;
			files = (
			);
			inputPaths = (
			);
			name = "Embed Pods Frameworks";
			outputPaths = (
			);
			runOnlyForDeploymentPostprocessing = 0;
			shellPath = /bin/sh;
			shellScript = "\"${SRCROOT}/Pods/Target Support Files/Pods-RSSFeedParser/Pods-RSSFeedParser-frameworks.sh\"\n";
			showEnvVarsInLog = 0;
		};
		722555DA843A6438C71DB7A2 /* Check Pods Manifest.lock */ = {
			isa = PBXShellScriptBuildPhase;
			buildActionMask = 2147483647;
			files = (
			);
			inputPaths = (
			);
			name = "Check Pods Manifest.lock";
			outputPaths = (
			);
			runOnlyForDeploymentPostprocessing = 0;
			shellPath = /bin/sh;
			shellScript = "diff \"${PODS_ROOT}/../Podfile.lock\" \"${PODS_ROOT}/Manifest.lock\" > /dev/null\nif [[ $? != 0 ]] ; then\n    cat << EOM\nerror: The sandbox is not in sync with the Podfile.lock. Run 'pod install' or update your CocoaPods installation.\nEOM\n    exit 1\nfi\n";
			showEnvVarsInLog = 0;
		};
		9F374BBC6419233717BF882D /* Copy Pods Resources */ = {
			isa = PBXShellScriptBuildPhase;
			buildActionMask = 2147483647;
			files = (
			);
			inputPaths = (
			);
			name = "Copy Pods Resources";
			outputPaths = (
			);
			runOnlyForDeploymentPostprocessing = 0;
			shellPath = /bin/sh;
			shellScript = "\"${SRCROOT}/Pods/Target Support Files/Pods-RSSFeedParser/Pods-RSSFeedParser-resources.sh\"\n";
			showEnvVarsInLog = 0;
		};
/* End PBXShellScriptBuildPhase section */

/* Begin PBXSourcesBuildPhase section */
		96E217ED1CDA69FA00ADCF21 /* Sources */ = {
			isa = PBXSourcesBuildPhase;
			buildActionMask = 2147483647;
			files = (
				96E218501CDB3DA400ADCF21 /* InRSSDateFormatter.m in Sources */,
				96E218601CDB436F00ADCF21 /* RSSFeedParserService.m in Sources */,
				96E217FC1CDA69FA00ADCF21 /* ViewController.m in Sources */,
				96E217F91CDA69FA00ADCF21 /* AppDelegate.m in Sources */,
				96E2189C1CDB8C5800ADCF21 /* MainFeedDataDisplayManager.m in Sources */,
				96E218391CDA757E00ADCF21 /* DataDownloaderImplementation.m in Sources */,
				96E218491CDB372300ADCF21 /* ImageResize.m in Sources */,
				96E218851CDB5BA000ADCF21 /* FeedConverter.m in Sources */,
				96E2186B1CDB4A1E00ADCF21 /* MainFeedInteractor.m in Sources */,
				96E217F61CDA69FA00ADCF21 /* main.m in Sources */,
				96E218961CDB8A1B00ADCF21 /* FeedCell.m in Sources */,
				96E218541CDB3DC900ADCF21 /* OutRussianDateFormatter.m in Sources */,
				96E218341CDA6F0000ADCF21 /* FeedPlainObject.m in Sources */,
				96E2188E1CDB73B400ADCF21 /* FeedDataConverterStore.m in Sources */,
				96E218421CDA7EBF00ADCF21 /* RSSFeedParserImplementation.m in Sources */,
				96E218811CDB5B0C00ADCF21 /* FeedCellModel.m in Sources */,
				96E218741CDB533600ADCF21 /* MainFeedPresenter.m in Sources */,
			);
			runOnlyForDeploymentPostprocessing = 0;
		};
		96E218061CDA69FA00ADCF21 /* Sources */ = {
			isa = PBXSourcesBuildPhase;
			buildActionMask = 2147483647;
			files = (
				96E2183D1CDA760B00ADCF21 /* DataDownloaderImplementationTest.m in Sources */,
				96E218591CDB3F4A00ADCF21 /* InRSSDateFormatterTest.m in Sources */,
				965BE36D1CDBBA100025DACB /* DataDisplayManagerTests.m in Sources */,
				96E218891CDB5F6100ADCF21 /* FeedConverterTests.m in Sources */,
				965BE36F1CDBCF050025DACB /* ViewControllerTests.m in Sources */,
				96E218701CDB4A5800ADCF21 /* InteractorTests.m in Sources */,
				96E218651CDB43FD00ADCF21 /* RSSFeedParserServiceTests.m in Sources */,
				96E2185B1CDB3F5200ADCF21 /* RussianDateFormatterTest.m in Sources */,
				96E218A11CDB99ED00ADCF21 /* FeedCellTests.m in Sources */,
				96E218911CDB791500ADCF21 /* FeedDataConverterStoreTests.m in Sources */,
				96E2187C1CDB552800ADCF21 /* MainFeedPresenterTests.m in Sources */,
				96E2184C1CDB3B9E00ADCF21 /* ImageResizeTests.m in Sources */,
				96E2180F1CDA69FA00ADCF21 /* RSSFeedParserTests.m in Sources */,
				96E218451CDA7F4600ADCF21 /* RSSFeedParserImplementationTests.m in Sources */,
			);
			runOnlyForDeploymentPostprocessing = 0;
		};
		96E218111CDA69FA00ADCF21 /* Sources */ = {
			isa = PBXSourcesBuildPhase;
			buildActionMask = 2147483647;
			files = (
				96E2181A1CDA69FA00ADCF21 /* RSSFeedParserUITests.m in Sources */,
			);
			runOnlyForDeploymentPostprocessing = 0;
		};
/* End PBXSourcesBuildPhase section */

/* Begin PBXTargetDependency section */
		96E2180C1CDA69FA00ADCF21 /* PBXTargetDependency */ = {
			isa = PBXTargetDependency;
			target = 96E217F01CDA69FA00ADCF21 /* RSSFeedParser */;
			targetProxy = 96E2180B1CDA69FA00ADCF21 /* PBXContainerItemProxy */;
		};
		96E218171CDA69FA00ADCF21 /* PBXTargetDependency */ = {
			isa = PBXTargetDependency;
			target = 96E217F01CDA69FA00ADCF21 /* RSSFeedParser */;
			targetProxy = 96E218161CDA69FA00ADCF21 /* PBXContainerItemProxy */;
		};
/* End PBXTargetDependency section */

/* Begin PBXVariantGroup section */
		96E217FD1CDA69FA00ADCF21 /* Main.storyboard */ = {
			isa = PBXVariantGroup;
			children = (
				96E217FE1CDA69FA00ADCF21 /* Base */,
			);
			name = Main.storyboard;
			sourceTree = "<group>";
		};
		96E218021CDA69FA00ADCF21 /* LaunchScreen.storyboard */ = {
			isa = PBXVariantGroup;
			children = (
				96E218031CDA69FA00ADCF21 /* Base */,
			);
			name = LaunchScreen.storyboard;
			sourceTree = "<group>";
		};
/* End PBXVariantGroup section */

/* Begin XCBuildConfiguration section */
		96E2181C1CDA69FA00ADCF21 /* Debug */ = {
			isa = XCBuildConfiguration;
			buildSettings = {
				ALWAYS_SEARCH_USER_PATHS = NO;
				CLANG_ANALYZER_NONNULL = YES;
				CLANG_CXX_LANGUAGE_STANDARD = "gnu++0x";
				CLANG_CXX_LIBRARY = "libc++";
				CLANG_ENABLE_MODULES = YES;
				CLANG_ENABLE_OBJC_ARC = YES;
				CLANG_WARN_BOOL_CONVERSION = YES;
				CLANG_WARN_CONSTANT_CONVERSION = YES;
				CLANG_WARN_DIRECT_OBJC_ISA_USAGE = YES_ERROR;
				CLANG_WARN_EMPTY_BODY = YES;
				CLANG_WARN_ENUM_CONVERSION = YES;
				CLANG_WARN_INT_CONVERSION = YES;
				CLANG_WARN_OBJC_ROOT_CLASS = YES_ERROR;
				CLANG_WARN_UNREACHABLE_CODE = YES;
				CLANG_WARN__DUPLICATE_METHOD_MATCH = YES;
				"CODE_SIGN_IDENTITY[sdk=iphoneos*]" = "iPhone Developer";
				COPY_PHASE_STRIP = NO;
				DEBUG_INFORMATION_FORMAT = dwarf;
				ENABLE_STRICT_OBJC_MSGSEND = YES;
				ENABLE_TESTABILITY = YES;
				GCC_C_LANGUAGE_STANDARD = gnu99;
				GCC_DYNAMIC_NO_PIC = NO;
				GCC_NO_COMMON_BLOCKS = YES;
				GCC_OPTIMIZATION_LEVEL = 0;
				GCC_PREPROCESSOR_DEFINITIONS = (
					"DEBUG=1",
					"$(inherited)",
				);
				GCC_WARN_64_TO_32_BIT_CONVERSION = YES;
				GCC_WARN_ABOUT_RETURN_TYPE = YES_ERROR;
				GCC_WARN_UNDECLARED_SELECTOR = YES;
				GCC_WARN_UNINITIALIZED_AUTOS = YES_AGGRESSIVE;
				GCC_WARN_UNUSED_FUNCTION = YES;
				GCC_WARN_UNUSED_VARIABLE = YES;
				IPHONEOS_DEPLOYMENT_TARGET = 9.3;
				MTL_ENABLE_DEBUG_INFO = YES;
				ONLY_ACTIVE_ARCH = YES;
				SDKROOT = iphoneos;
			};
			name = Debug;
		};
		96E2181D1CDA69FA00ADCF21 /* Release */ = {
			isa = XCBuildConfiguration;
			buildSettings = {
				ALWAYS_SEARCH_USER_PATHS = NO;
				CLANG_ANALYZER_NONNULL = YES;
				CLANG_CXX_LANGUAGE_STANDARD = "gnu++0x";
				CLANG_CXX_LIBRARY = "libc++";
				CLANG_ENABLE_MODULES = YES;
				CLANG_ENABLE_OBJC_ARC = YES;
				CLANG_WARN_BOOL_CONVERSION = YES;
				CLANG_WARN_CONSTANT_CONVERSION = YES;
				CLANG_WARN_DIRECT_OBJC_ISA_USAGE = YES_ERROR;
				CLANG_WARN_EMPTY_BODY = YES;
				CLANG_WARN_ENUM_CONVERSION = YES;
				CLANG_WARN_INT_CONVERSION = YES;
				CLANG_WARN_OBJC_ROOT_CLASS = YES_ERROR;
				CLANG_WARN_UNREACHABLE_CODE = YES;
				CLANG_WARN__DUPLICATE_METHOD_MATCH = YES;
				"CODE_SIGN_IDENTITY[sdk=iphoneos*]" = "iPhone Developer";
				COPY_PHASE_STRIP = NO;
				DEBUG_INFORMATION_FORMAT = "dwarf-with-dsym";
				ENABLE_NS_ASSERTIONS = NO;
				ENABLE_STRICT_OBJC_MSGSEND = YES;
				GCC_C_LANGUAGE_STANDARD = gnu99;
				GCC_NO_COMMON_BLOCKS = YES;
				GCC_WARN_64_TO_32_BIT_CONVERSION = YES;
				GCC_WARN_ABOUT_RETURN_TYPE = YES_ERROR;
				GCC_WARN_UNDECLARED_SELECTOR = YES;
				GCC_WARN_UNINITIALIZED_AUTOS = YES_AGGRESSIVE;
				GCC_WARN_UNUSED_FUNCTION = YES;
				GCC_WARN_UNUSED_VARIABLE = YES;
				IPHONEOS_DEPLOYMENT_TARGET = 9.3;
				MTL_ENABLE_DEBUG_INFO = NO;
				SDKROOT = iphoneos;
				VALIDATE_PRODUCT = YES;
			};
			name = Release;
		};
		96E2181F1CDA69FA00ADCF21 /* Debug */ = {
			isa = XCBuildConfiguration;
			baseConfigurationReference = 3422CA154FF09066377587E9 /* Pods-RSSFeedParser.debug.xcconfig */;
			buildSettings = {
				ASSETCATALOG_COMPILER_APPICON_NAME = AppIcon;
				INFOPLIST_FILE = RSSFeedParser/Info.plist;
				LD_RUNPATH_SEARCH_PATHS = "$(inherited) @executable_path/Frameworks";
				PRODUCT_BUNDLE_IDENTIFIER = NoLogo.RSSFeedParser;
				PRODUCT_NAME = "$(TARGET_NAME)";
			};
			name = Debug;
		};
		96E218201CDA69FA00ADCF21 /* Release */ = {
			isa = XCBuildConfiguration;
			baseConfigurationReference = 9D14689CC9787E0BD2B00FD8 /* Pods-RSSFeedParser.release.xcconfig */;
			buildSettings = {
				ASSETCATALOG_COMPILER_APPICON_NAME = AppIcon;
				INFOPLIST_FILE = RSSFeedParser/Info.plist;
				LD_RUNPATH_SEARCH_PATHS = "$(inherited) @executable_path/Frameworks";
				PRODUCT_BUNDLE_IDENTIFIER = NoLogo.RSSFeedParser;
				PRODUCT_NAME = "$(TARGET_NAME)";
			};
			name = Release;
		};
		96E218221CDA69FA00ADCF21 /* Debug */ = {
			isa = XCBuildConfiguration;
			buildSettings = {
				BUNDLE_LOADER = "$(TEST_HOST)";
				INFOPLIST_FILE = RSSFeedParserTests/Info.plist;
				LD_RUNPATH_SEARCH_PATHS = "$(inherited) @executable_path/Frameworks @loader_path/Frameworks";
				PRODUCT_BUNDLE_IDENTIFIER = NoLogo.RSSFeedParserTests;
				PRODUCT_NAME = "$(TARGET_NAME)";
				TEST_HOST = "$(BUILT_PRODUCTS_DIR)/RSSFeedParser.app/RSSFeedParser";
			};
			name = Debug;
		};
		96E218231CDA69FA00ADCF21 /* Release */ = {
			isa = XCBuildConfiguration;
			buildSettings = {
				BUNDLE_LOADER = "$(TEST_HOST)";
				INFOPLIST_FILE = RSSFeedParserTests/Info.plist;
				LD_RUNPATH_SEARCH_PATHS = "$(inherited) @executable_path/Frameworks @loader_path/Frameworks";
				PRODUCT_BUNDLE_IDENTIFIER = NoLogo.RSSFeedParserTests;
				PRODUCT_NAME = "$(TARGET_NAME)";
				TEST_HOST = "$(BUILT_PRODUCTS_DIR)/RSSFeedParser.app/RSSFeedParser";
			};
			name = Release;
		};
		96E218251CDA69FA00ADCF21 /* Debug */ = {
			isa = XCBuildConfiguration;
			buildSettings = {
				INFOPLIST_FILE = RSSFeedParserUITests/Info.plist;
				LD_RUNPATH_SEARCH_PATHS = "$(inherited) @executable_path/Frameworks @loader_path/Frameworks";
				PRODUCT_BUNDLE_IDENTIFIER = NoLogo.RSSFeedParserUITests;
				PRODUCT_NAME = "$(TARGET_NAME)";
				TEST_TARGET_NAME = RSSFeedParser;
			};
			name = Debug;
		};
		96E218261CDA69FA00ADCF21 /* Release */ = {
			isa = XCBuildConfiguration;
			buildSettings = {
				INFOPLIST_FILE = RSSFeedParserUITests/Info.plist;
				LD_RUNPATH_SEARCH_PATHS = "$(inherited) @executable_path/Frameworks @loader_path/Frameworks";
				PRODUCT_BUNDLE_IDENTIFIER = NoLogo.RSSFeedParserUITests;
				PRODUCT_NAME = "$(TARGET_NAME)";
				TEST_TARGET_NAME = RSSFeedParser;
			};
			name = Release;
		};
/* End XCBuildConfiguration section */

/* Begin XCConfigurationList section */
		96E217EC1CDA69FA00ADCF21 /* Build configuration list for PBXProject "RSSFeedParser" */ = {
			isa = XCConfigurationList;
			buildConfigurations = (
				96E2181C1CDA69FA00ADCF21 /* Debug */,
				96E2181D1CDA69FA00ADCF21 /* Release */,
			);
			defaultConfigurationIsVisible = 0;
			defaultConfigurationName = Release;
		};
		96E2181E1CDA69FA00ADCF21 /* Build configuration list for PBXNativeTarget "RSSFeedParser" */ = {
			isa = XCConfigurationList;
			buildConfigurations = (
				96E2181F1CDA69FA00ADCF21 /* Debug */,
				96E218201CDA69FA00ADCF21 /* Release */,
			);
			defaultConfigurationIsVisible = 0;
			defaultConfigurationName = Release;
		};
		96E218211CDA69FA00ADCF21 /* Build configuration list for PBXNativeTarget "RSSFeedParserTests" */ = {
			isa = XCConfigurationList;
			buildConfigurations = (
				96E218221CDA69FA00ADCF21 /* Debug */,
				96E218231CDA69FA00ADCF21 /* Release */,
			);
			defaultConfigurationIsVisible = 0;
			defaultConfigurationName = Release;
		};
		96E218241CDA69FA00ADCF21 /* Build configuration list for PBXNativeTarget "RSSFeedParserUITests" */ = {
			isa = XCConfigurationList;
			buildConfigurations = (
				96E218251CDA69FA00ADCF21 /* Debug */,
				96E218261CDA69FA00ADCF21 /* Release */,
			);
			defaultConfigurationIsVisible = 0;
			defaultConfigurationName = Release;
		};
/* End XCConfigurationList section */
	};
	rootObject = 96E217E91CDA69FA00ADCF21 /* Project object */;
}
